{
	"archiveVersion": "1",
	"classes": {},
	"objectVersion": "54",
	"objects": {
		"0357D24D-5E6D-4E51-B8CD-440E8393566D": {
			"fileRef": "F4B56986-D3F8-4DA5-84F4-BE2370787377",
			"isa": "PBXBuildFile"
		},
		"04FAAB01-6201-4F5E-B49C-9FE51D7706D0": {
			"explicitFileType": "sourcecode.c.h",
			"fileEncoding": "4",
			"isa": "PBXFileReference",
			"name": "ofxSliderGroup.h",
			"path": "../../../addons/ofxGui/src/ofxSliderGroup.h",
			"sourceTree": "SOURCE_ROOT"
		},
		"069F12C7-F2A0-4603-864F-F1E0F0871491": {
			"children": [
				"800F17A7-7BB4-4EE9-AFE7-00B801ED901D",
				"DED0EEAF-24C3-41CE-A2A1-C26F4E3145DB",
				"23A1DEEA-3618-4645-9500-1C57AD35E1AE"
			],
			"isa": "PBXGroup",
			"name": "dbscan",
			"path": "src/dbscan",
			"sourceTree": "SOURCE_ROOT"
		},
		"081C2B8A-4194-42BE-9FEE-96325087BBD3": {
			"explicitFileType": "sourcecode.c.h",
			"fileEncoding": "4",
			"isa": "PBXFileReference",
			"name": "ofxUDPSettings.h",
			"path": "../../../addons/ofxNetwork/src/ofxUDPSettings.h",
			"sourceTree": "SOURCE_ROOT"
		},
		"092CF1A2-E9F8-4250-88C7-0A82704483BE": {
			"explicitFileType": "sourcecode.c.h",
			"fileEncoding": "4",
			"isa": "PBXFileReference",
			"name": "Blob.hpp",
			"path": "src/Blob.hpp",
			"sourceTree": "SOURCE_ROOT"
		},
		"09C2C8E6-24DE-40FC-867C-27803B119D77": {
			"explicitFileType": "sourcecode.cpp.cpp",
			"fileEncoding": "4",
			"isa": "PBXFileReference",
			"name": "ofxNetworkUtils.cpp",
			"path": "../../../addons/ofxNetwork/src/ofxNetworkUtils.cpp",
			"sourceTree": "SOURCE_ROOT"
		},
		"119B6796-EA41-4E81-9EED-9B58F9B93A78": {
			"fileRef": "12F0FB64-6B87-4DC8-A361-2EFA8E1B83AF",
			"isa": "PBXBuildFile"
		},
		"128FE8D9-A178-406F-BCE1-5AC5188DBE7C": {
			"explicitFileType": "sourcecode.c.h",
			"fileEncoding": "4",
			"isa": "PBXFileReference",
			"name": "span.hpp",
			"path": "src/span.hpp",
			"sourceTree": "SOURCE_ROOT"
		},
		"12F0FB64-6B87-4DC8-A361-2EFA8E1B83AF": {
			"explicitFileType": "sourcecode.cpp.cpp",
			"fileEncoding": "4",
			"isa": "PBXFileReference",
			"name": "Blob.cpp",
			"path": "src/Blob.cpp",
			"sourceTree": "SOURCE_ROOT"
		},
		"15729DD2-F348-4B90-BDC3-5C5CC086B5F2": {
			"fileRef": "954757B9-B384-425D-A63C-2F5777DBFF77",
			"isa": "PBXBuildFile"
		},
		"17E816DF-8A2E-48D5-92AC-0D6F2EAE22D7": {
			"explicitFileType": "sourcecode.c.h",
			"fileEncoding": "4",
			"isa": "PBXFileReference",
			"name": "span.hpp",
			"path": "src/span/span.hpp",
			"sourceTree": "SOURCE_ROOT"
		},
		"17F17B54-906F-40E4-8784-E4484EF3C021": {
			"explicitFileType": "sourcecode.c.h",
			"fileEncoding": "4",
			"isa": "PBXFileReference",
			"name": "ofxInputField.h",
			"path": "../../../addons/ofxGui/src/ofxInputField.h",
			"sourceTree": "SOURCE_ROOT"
		},
		"191CD6FA2847E21E0085CBB6": {
			"fileEncoding": "4",
			"isa": "PBXFileReference",
			"lastKnownFileType": "text.plist.entitlements",
			"path": "of.entitlements",
			"sourceTree": "<group>"
		},
		"191EF70929D778A400F35F26": {
			"isa": "PBXFileReference",
			"lastKnownFileType": "folder",
			"name": "openFrameworks",
			"path": "../../../libs/openFrameworks",
			"sourceTree": "SOURCE_ROOT"
		},
		"19B789C429E5AB4A0082E9B8": {
			"buildActionMask": "2147483647",
			"files": [],
			"inputFileListPaths": [],
			"inputPaths": [],
			"isa": "PBXShellScriptBuildPhase",
			"outputFileListPaths": [],
			"outputPaths": [],
			"runOnlyForDeploymentPostprocessing": "0",
			"shellPath": "/bin/sh",
			"shellScript": "\"$OF_PATH/scripts/osx/xcode_project.sh\"\n",
			"showEnvVarsInLog": "0"
		},
		"1D77F346-07A0-417D-96EC-9F2794237873": {
			"explicitFileType": "sourcecode.cpp.cpp",
			"fileEncoding": "4",
			"isa": "PBXFileReference",
			"name": "Meatbags.cpp",
			"path": "src/Meatbags.cpp",
			"sourceTree": "SOURCE_ROOT"
		},
		"23A1DEEA-3618-4645-9500-1C57AD35E1AE": {
			"explicitFileType": "sourcecode.c.h",
			"fileEncoding": "4",
			"isa": "PBXFileReference",
			"name": "nanoflann.hpp",
			"path": "src/dbscan/nanoflann.hpp",
			"sourceTree": "SOURCE_ROOT"
		},
		"2C31DFA0-6F09-44AF-89F9-6D4FDDAC49F9": {
			"explicitFileType": "sourcecode.c.h",
			"fileEncoding": "4",
			"isa": "PBXFileReference",
			"name": "ofxToggle.h",
			"path": "../../../addons/ofxGui/src/ofxToggle.h",
			"sourceTree": "SOURCE_ROOT"
		},
		"2E532967-96FD-4D12-A5EE-9BAF6685A9B1": {
			"explicitFileType": "sourcecode.c.h",
			"fileEncoding": "4",
			"isa": "PBXFileReference",
			"name": "ofxNetwork.h",
			"path": "../../../addons/ofxNetwork/src/ofxNetwork.h",
			"sourceTree": "SOURCE_ROOT"
		},
		"2FDB8C13-3B28-4A4D-8A05-3FC5945027F3": {
			"fileRef": "89DE1C5C-13E1-4BCB-A4B7-42D3BED09346",
			"isa": "PBXBuildFile"
		},
		"3EBAC0DC-6621-454C-9EF2-0C5A04FE2942": {
			"explicitFileType": "sourcecode.c.h",
			"fileEncoding": "4",
			"isa": "PBXFileReference",
			"name": "ofxNetworkUtils.h",
			"path": "../../../addons/ofxNetwork/src/ofxNetworkUtils.h",
			"sourceTree": "SOURCE_ROOT"
		},
		"4F6A53E6-7742-45D9-BAD1-5B8E7AFF2445": {
			"fileRef": "F5E64E2D-C8A5-4C01-A2A0-80DB4F07D740",
			"isa": "PBXBuildFile"
		},
		"55318B15-2915-4585-B43F-75F88774E804": {
			"fileRef": "1D77F346-07A0-417D-96EC-9F2794237873",
			"isa": "PBXBuildFile"
		},
		"5868B86D-961F-4B10-97D4-3707BD5F75ED": {
			"explicitFileType": "sourcecode.cpp.cpp",
			"fileEncoding": "4",
			"isa": "PBXFileReference",
			"name": "ofxSliderGroup.cpp",
			"path": "../../../addons/ofxGui/src/ofxSliderGroup.cpp",
			"sourceTree": "SOURCE_ROOT"
		},
		"5D9046A2-582A-41C4-A2B6-AC22625FFAC8": {
			"fileRef": "E027990D-A05F-4C64-BADC-21AC4A9D4E4B",
			"isa": "PBXBuildFile"
		},
		"60C7A622-A41F-4FFA-BEBB-5F4CB4AD3A7E": {
			"explicitFileType": "sourcecode.cpp.cpp",
			"fileEncoding": "4",
			"isa": "PBXFileReference",
			"name": "ofxToggle.cpp",
			"path": "../../../addons/ofxGui/src/ofxToggle.cpp",
			"sourceTree": "SOURCE_ROOT"
		},
		"60FC74A9-7A0E-40ED-816A-D14093042C1F": {
			"fileRef": "98C91FF8-A8B2-41A5-865A-C860170EC95C",
			"isa": "PBXBuildFile"
		},
		"66019FF9-C77B-41AC-9885-302B654B74D1": {
			"explicitFileType": "sourcecode.c.h",
			"fileEncoding": "4",
			"isa": "PBXFileReference",
			"name": "ofxUDPManager.h",
			"path": "../../../addons/ofxNetwork/src/ofxUDPManager.h",
			"sourceTree": "SOURCE_ROOT"
		},
		"661A3D4A-9AE0-4ECE-8A77-59787E983105": {
			"explicitFileType": "sourcecode.c.h",
			"fileEncoding": "4",
			"isa": "PBXFileReference",
			"name": "Meatbags.hpp",
			"path": "src/Meatbags.hpp",
			"sourceTree": "SOURCE_ROOT"
		},
		"66C3AAF1-8232-4976-A294-A3ADD42732B5": {
			"fileRef": "09C2C8E6-24DE-40FC-867C-27803B119D77",
			"isa": "PBXBuildFile"
		},
		"68CA7328-3D6C-4328-B478-36C4185027E7": {
			"children": [
				"B1B84493-3B28-4EC7-8F3A-08E84AEA0FA6"
			],
			"isa": "PBXGroup",
			"name": "ofxGui",
			"path": "../../../addons/ofxGui",
			"sourceTree": "SOURCE_ROOT"
		},
		"6C8680D4-6472-457A-8623-40B1FE0F5067": {
			"explicitFileType": "sourcecode.cpp.cpp",
			"fileEncoding": "4",
			"isa": "PBXFileReference",
			"name": "ofxInputField.cpp",
			"path": "../../../addons/ofxGui/src/ofxInputField.cpp",
			"sourceTree": "SOURCE_ROOT"
		},
		"6F1A488F-190B-46F2-9582-F9D34F90E667": {
			"fileRef": "6C8680D4-6472-457A-8623-40B1FE0F5067",
			"isa": "PBXBuildFile"
		},
		"6F70D128-4647-4F13-A24F-08B524AC2D2A": {
			"explicitFileType": "sourcecode.c.h",
			"fileEncoding": "4",
			"isa": "PBXFileReference",
			"name": "ofxBaseGui.h",
			"path": "../../../addons/ofxGui/src/ofxBaseGui.h",
			"sourceTree": "SOURCE_ROOT"
		},
		"703DD2DD-0843-474A-A4B2-1D29155941CC": {
			"explicitFileType": "sourcecode.cpp.cpp",
			"fileEncoding": "4",
			"isa": "PBXFileReference",
			"name": "ofxSlider.cpp",
			"path": "../../../addons/ofxGui/src/ofxSlider.cpp",
			"sourceTree": "SOURCE_ROOT"
		},
		"74A2D67F-7F75-47BF-937F-47FF10F4B7CC": {
			"explicitFileType": "sourcecode.c.h",
			"fileEncoding": "4",
			"isa": "PBXFileReference",
			"name": "ofxTCPManager.h",
			"path": "../../../addons/ofxNetwork/src/ofxTCPManager.h",
			"sourceTree": "SOURCE_ROOT"
		},
		"800F17A7-7BB4-4EE9-AFE7-00B801ED901D": {
			"explicitFileType": "sourcecode.cpp.cpp",
			"fileEncoding": "4",
			"isa": "PBXFileReference",
			"name": "dbscan.cpp",
			"path": "src/dbscan/dbscan.cpp",
			"sourceTree": "SOURCE_ROOT"
		},
		"88F4BDE3-78D5-4818-9A2D-3D8BF5636A3D": {
			"explicitFileType": "sourcecode.c.h",
			"fileEncoding": "4",
			"isa": "PBXFileReference",
			"name": "ofxTCPSettings.h",
			"path": "../../../addons/ofxNetwork/src/ofxTCPSettings.h",
			"sourceTree": "SOURCE_ROOT"
		},
		"896A4CAB-19A5-4B1A-87DD-5E189A104D3B": {
			"explicitFileType": "sourcecode.c.h",
			"fileEncoding": "4",
			"isa": "PBXFileReference",
			"name": "ofxSlider.h",
			"path": "../../../addons/ofxGui/src/ofxSlider.h",
			"sourceTree": "SOURCE_ROOT"
		},
		"897F8DF6-0071-4798-BF47-0D4F1554B0AF": {
			"fileRef": "C1785520-B796-4FED-98A9-6D24E4D0C1E9",
			"isa": "PBXBuildFile"
		},
		"89936C19-335A-42F5-A63D-0CDF77FB116C": {
			"fileRef": "90DECD67-25F7-4D86-AFC1-E1B608B0BA92",
			"isa": "PBXBuildFile"
		},
		"89DE1C5C-13E1-4BCB-A4B7-42D3BED09346": {
			"explicitFileType": "sourcecode.cpp.cpp",
			"fileEncoding": "4",
			"isa": "PBXFileReference",
			"name": "ofxLabel.cpp",
			"path": "../../../addons/ofxGui/src/ofxLabel.cpp",
			"sourceTree": "SOURCE_ROOT"
		},
		"8BA22AF3-184B-4DBE-B1C8-8399043BE465": {
			"fileRef": "703DD2DD-0843-474A-A4B2-1D29155941CC",
			"isa": "PBXBuildFile"
		},
		"90DECD67-25F7-4D86-AFC1-E1B608B0BA92": {
			"explicitFileType": "sourcecode.cpp.cpp",
			"fileEncoding": "4",
			"isa": "PBXFileReference",
			"name": "ofxColorPicker.cpp",
			"path": "../../../addons/ofxGui/src/ofxColorPicker.cpp",
			"sourceTree": "SOURCE_ROOT"
		},
		"954757B9-B384-425D-A63C-2F5777DBFF77": {
			"explicitFileType": "sourcecode.cpp.cpp",
			"fileEncoding": "4",
			"isa": "PBXFileReference",
			"name": "ofxTCPClient.cpp",
			"path": "../../../addons/ofxNetwork/src/ofxTCPClient.cpp",
			"sourceTree": "SOURCE_ROOT"
		},
		"98C91FF8-A8B2-41A5-865A-C860170EC95C": {
			"explicitFileType": "sourcecode.cpp.cpp",
			"fileEncoding": "4",
			"isa": "PBXFileReference",
			"name": "ofxGuiGroup.cpp",
			"path": "../../../addons/ofxGui/src/ofxGuiGroup.cpp",
			"sourceTree": "SOURCE_ROOT"
		},
		"9AE821C3-5F19-405F-8DBE-C8ECC3DB3EA9": {
			"explicitFileType": "sourcecode.c.h",
			"fileEncoding": "4",
			"isa": "PBXFileReference",
			"name": "Hokuyo.hpp",
			"path": "src/Hokuyo.hpp",
			"sourceTree": "SOURCE_ROOT"
		},
		"A19009CE-D61A-4C6C-9A59-35FCA55FC0EF": {
			"explicitFileType": "sourcecode.cpp.cpp",
			"fileEncoding": "4",
			"isa": "PBXFileReference",
			"name": "ofxUDPManager.cpp",
			"path": "../../../addons/ofxNetwork/src/ofxUDPManager.cpp",
			"sourceTree": "SOURCE_ROOT"
		},
		"A38C849F-C30A-42DA-88CC-5CA7A8D7BE5E": {
			"children": [
				"BA7B53E0-1B27-4DED-95C8-A29DAB1DE47F"
			],
			"isa": "PBXGroup",
			"name": "ofxNetwork",
			"path": "../../../addons/ofxNetwork",
			"sourceTree": "SOURCE_ROOT"
		},
		"A8085438-CB04-41C1-A16E-EE991EAE54AC": {
			"fileRef": "A19009CE-D61A-4C6C-9A59-35FCA55FC0EF",
			"isa": "PBXBuildFile"
		},
		"AC1779CB-D04F-4602-980C-4121764EEF5B": {
			"fileRef": "60C7A622-A41F-4FFA-BEBB-5F4CB4AD3A7E",
			"isa": "PBXBuildFile"
		},
		"B0CD9D08-8AD9-45A7-BA2E-EB07260B4566": {
			"explicitFileType": "sourcecode.c.h",
			"fileEncoding": "4",
			"isa": "PBXFileReference",
			"name": "ofxGuiUtils.h",
			"path": "../../../addons/ofxGui/src/ofxGuiUtils.h",
			"sourceTree": "SOURCE_ROOT"
		},
		"B1B84493-3B28-4EC7-8F3A-08E84AEA0FA6": {
			"children": [
				"F4B56986-D3F8-4DA5-84F4-BE2370787377",
				"6F70D128-4647-4F13-A24F-08B524AC2D2A",
				"F5E64E2D-C8A5-4C01-A2A0-80DB4F07D740",
				"E438B2DD-DA3A-453A-98D6-D0CEF1564560",
				"90DECD67-25F7-4D86-AFC1-E1B608B0BA92",
				"B2C0C638-C992-4574-9CB8-AA61DDC609C1",
				"BB2207B2-BBD6-4CB2-BAF1-710C66D8A371",
				"98C91FF8-A8B2-41A5-865A-C860170EC95C",
				"D7BAA0DE-AB27-4871-82D4-5F9DEAD67F32",
				"B0CD9D08-8AD9-45A7-BA2E-EB07260B4566",
				"6C8680D4-6472-457A-8623-40B1FE0F5067",
				"17F17B54-906F-40E4-8784-E4484EF3C021",
				"89DE1C5C-13E1-4BCB-A4B7-42D3BED09346",
				"DBC0E212-6EBB-4DF1-A33B-EFC830DEB624",
				"C1785520-B796-4FED-98A9-6D24E4D0C1E9",
				"F7F4EAA3-B695-48DB-9257-B557C85642D2",
				"703DD2DD-0843-474A-A4B2-1D29155941CC",
				"896A4CAB-19A5-4B1A-87DD-5E189A104D3B",
				"5868B86D-961F-4B10-97D4-3707BD5F75ED",
				"04FAAB01-6201-4F5E-B49C-9FE51D7706D0",
				"60C7A622-A41F-4FFA-BEBB-5F4CB4AD3A7E",
				"2C31DFA0-6F09-44AF-89F9-6D4FDDAC49F9"
			],
			"isa": "PBXGroup",
			"name": "src",
			"path": "../../../addons/ofxGui/src",
			"sourceTree": "SOURCE_ROOT"
		},
		"B2C0C638-C992-4574-9CB8-AA61DDC609C1": {
			"explicitFileType": "sourcecode.c.h",
			"fileEncoding": "4",
			"isa": "PBXFileReference",
			"name": "ofxColorPicker.h",
			"path": "../../../addons/ofxGui/src/ofxColorPicker.h",
			"sourceTree": "SOURCE_ROOT"
		},
		"B38DB422-A884-4982-9082-32321F765103": {
			"children": [
				"17E816DF-8A2E-48D5-92AC-0D6F2EAE22D7"
			],
			"isa": "PBXGroup",
			"name": "span",
			"path": "src/span",
			"sourceTree": "SOURCE_ROOT"
		},
		"BA7B53E0-1B27-4DED-95C8-A29DAB1DE47F": {
			"children": [
				"2E532967-96FD-4D12-A5EE-9BAF6685A9B1",
				"09C2C8E6-24DE-40FC-867C-27803B119D77",
				"3EBAC0DC-6621-454C-9EF2-0C5A04FE2942",
				"954757B9-B384-425D-A63C-2F5777DBFF77",
				"DCFB7E3C-5E98-454C-A031-FAC948331D82",
				"E027990D-A05F-4C64-BADC-21AC4A9D4E4B",
				"74A2D67F-7F75-47BF-937F-47FF10F4B7CC",
				"BAA500FF-42D2-4CB7-8971-3D9AE4EAE95C",
				"C3E64FA5-AB0E-464F-BB48-B0C39E5F00C0",
				"88F4BDE3-78D5-4818-9A2D-3D8BF5636A3D",
				"A19009CE-D61A-4C6C-9A59-35FCA55FC0EF",
				"66019FF9-C77B-41AC-9885-302B654B74D1",
				"081C2B8A-4194-42BE-9FEE-96325087BBD3"
			],
			"isa": "PBXGroup",
			"name": "src",
			"path": "../../../addons/ofxNetwork/src",
			"sourceTree": "SOURCE_ROOT"
		},
		"BAA500FF-42D2-4CB7-8971-3D9AE4EAE95C": {
			"explicitFileType": "sourcecode.cpp.cpp",
			"fileEncoding": "4",
			"isa": "PBXFileReference",
			"name": "ofxTCPServer.cpp",
			"path": "../../../addons/ofxNetwork/src/ofxTCPServer.cpp",
			"sourceTree": "SOURCE_ROOT"
		},
		"BB2207B2-BBD6-4CB2-BAF1-710C66D8A371": {
			"explicitFileType": "sourcecode.c.h",
			"fileEncoding": "4",
			"isa": "PBXFileReference",
			"name": "ofxGui.h",
			"path": "../../../addons/ofxGui/src/ofxGui.h",
			"sourceTree": "SOURCE_ROOT"
		},
		"BB4B014C10F69532006C3DED": {
			"children": [
				"68CA7328-3D6C-4328-B478-36C4185027E7",
				"A38C849F-C30A-42DA-88CC-5CA7A8D7BE5E"
			],
			"isa": "PBXGroup",
			"name": "addons",
			"path": "../../../addons",
			"sourceTree": "<group>"
		},
		"C1785520-B796-4FED-98A9-6D24E4D0C1E9": {
			"explicitFileType": "sourcecode.cpp.cpp",
			"fileEncoding": "4",
			"isa": "PBXFileReference",
			"name": "ofxPanel.cpp",
			"path": "../../../addons/ofxGui/src/ofxPanel.cpp",
			"sourceTree": "SOURCE_ROOT"
		},
		"C2014C60-E8D3-4609-82D3-E10176A8D99F": {
			"fileRef": "C3BCB7BF-5D68-4D6D-8A65-4B659B0C008F",
			"isa": "PBXBuildFile"
		},
		"C3BCB7BF-5D68-4D6D-8A65-4B659B0C008F": {
			"explicitFileType": "sourcecode.cpp.cpp",
			"fileEncoding": "4",
			"isa": "PBXFileReference",
			"name": "Hokuyo.cpp",
			"path": "src/Hokuyo.cpp",
			"sourceTree": "SOURCE_ROOT"
		},
		"C3E64FA5-AB0E-464F-BB48-B0C39E5F00C0": {
			"explicitFileType": "sourcecode.c.h",
			"fileEncoding": "4",
			"isa": "PBXFileReference",
			"name": "ofxTCPServer.h",
			"path": "../../../addons/ofxNetwork/src/ofxTCPServer.h",
			"sourceTree": "SOURCE_ROOT"
		},
		"D7BAA0DE-AB27-4871-82D4-5F9DEAD67F32": {
			"explicitFileType": "sourcecode.c.h",
			"fileEncoding": "4",
			"isa": "PBXFileReference",
			"name": "ofxGuiGroup.h",
			"path": "../../../addons/ofxGui/src/ofxGuiGroup.h",
			"sourceTree": "SOURCE_ROOT"
		},
		"DBC0E212-6EBB-4DF1-A33B-EFC830DEB624": {
			"explicitFileType": "sourcecode.c.h",
			"fileEncoding": "4",
			"isa": "PBXFileReference",
			"name": "ofxLabel.h",
			"path": "../../../addons/ofxGui/src/ofxLabel.h",
			"sourceTree": "SOURCE_ROOT"
		},
		"DCFB7E3C-5E98-454C-A031-FAC948331D82": {
			"explicitFileType": "sourcecode.c.h",
			"fileEncoding": "4",
			"isa": "PBXFileReference",
			"name": "ofxTCPClient.h",
			"path": "../../../addons/ofxNetwork/src/ofxTCPClient.h",
			"sourceTree": "SOURCE_ROOT"
		},
		"DED0EEAF-24C3-41CE-A2A1-C26F4E3145DB": {
			"explicitFileType": "sourcecode.c.h",
			"fileEncoding": "4",
			"isa": "PBXFileReference",
			"name": "dbscan.hpp",
			"path": "src/dbscan/dbscan.hpp",
			"sourceTree": "SOURCE_ROOT"
		},
		"DFA7A8AC-03BB-4D7E-8989-AED5300D84A0": {
			"fileRef": "800F17A7-7BB4-4EE9-AFE7-00B801ED901D",
			"isa": "PBXBuildFile"
		},
		"E027990D-A05F-4C64-BADC-21AC4A9D4E4B": {
			"explicitFileType": "sourcecode.cpp.cpp",
			"fileEncoding": "4",
			"isa": "PBXFileReference",
			"name": "ofxTCPManager.cpp",
			"path": "../../../addons/ofxNetwork/src/ofxTCPManager.cpp",
			"sourceTree": "SOURCE_ROOT"
		},
		"E42962A92163ECCD00A6A9E2": {
			"alwaysOutOfDate": "1",
			"buildActionMask": "2147483647",
			"files": [],
			"inputPaths": [],
			"isa": "PBXShellScriptBuildPhase",
			"name": "Run Script — Compile OF",
			"outputPaths": [],
			"runOnlyForDeploymentPostprocessing": "0",
			"shellPath": "/bin/sh",
			"shellScript": "echo \"💾 Compiling Openframeworks\"\nxcodebuild -project \"$OF_PATH/libs/openFrameworksCompiled/project/osx/openFrameworksLib.xcodeproj\" -target openFrameworks -configuration \"${CONFIGURATION}\"  CLANG_CXX_LANGUAGE_STANDARD=$CLANG_CXX_LANGUAGE_STANDARD MACOSX_DEPLOYMENT_TARGET=$MACOSX_DEPLOYMENT_TARGET GCC_PREPROCESSOR_DEFINITIONS=$USER_PREPROCESSOR_DEFINITIONS\n",
			"showEnvVarsInLog": "0"
		},
		"E438B2DD-DA3A-453A-98D6-D0CEF1564560": {
			"explicitFileType": "sourcecode.c.h",
			"fileEncoding": "4",
			"isa": "PBXFileReference",
			"name": "ofxButton.h",
			"path": "../../../addons/ofxGui/src/ofxButton.h",
			"sourceTree": "SOURCE_ROOT"
		},
		"E4A5B60F29BAAAE400C2D356": {
			"buildActionMask": "2147483647",
			"dstPath": "",
			"dstSubfolderSpec": "6",
			"files": [],
			"isa": "PBXCopyFilesBuildPhase",
			"runOnlyForDeploymentPostprocessing": "0"
		},
		"E4B69B4A0A3A1720003C02F2": {
			"children": [
				"191CD6FA2847E21E0085CBB6",
				"E4B6FCAD0C3E899E008CF71C",
				"E4EB6923138AFD0F00A09F29",
				"E4B69E1C0A3A1BDC003C02F2",
				"191EF70929D778A400F35F26",
				"BB4B014C10F69532006C3DED",
				"E4B69B5B0A3A1756003C02F2"
			],
			"isa": "PBXGroup",
			"sourceTree": "<group>"
		},
		"E4B69B4C0A3A1720003C02F2": {
			"attributes": {
				"LastUpgradeCheck": "0600"
			},
			"buildConfigurationList": "E4B69B4D0A3A1720003C02F2",
			"compatibilityVersion": "Xcode 3.2",
			"developmentRegion": "en",
			"hasScannedForEncodings": "0",
			"isa": "PBXProject",
			"knownRegions": [
				"en",
				"Base"
			],
			"mainGroup": "E4B69B4A0A3A1720003C02F2",
			"productRefGroup": "E4B69B4A0A3A1720003C02F2",
			"projectDirPath": "",
			"projectRoot": "",
			"targets": [
				"E4B69B5A0A3A1756003C02F2"
			]
		},
		"E4B69B4D0A3A1720003C02F2": {
			"buildConfigurations": [
				"E4B69B4E0A3A1720003C02F2",
				"E4B69B4F0A3A1720003C02F2"
			],
			"defaultConfigurationIsVisible": "0",
			"defaultConfigurationName": "Release",
			"isa": "XCConfigurationList"
		},
		"E4B69B4E0A3A1720003C02F2": {
			"baseConfigurationReference": "E4EB6923138AFD0F00A09F29",
			"buildSettings": {
				"CODE_SIGN_ENTITLEMENTS": "of.entitlements",
				"COPY_PHASE_STRIP": "NO",
				"ENABLE_TESTABILITY": "YES",
				"GCC_OPTIMIZATION_LEVEL": "0",
				"GCC_WARN_UNUSED_VARIABLE": "NO",
				"HEADER_SEARCH_PATHS": [
					"$(OF_CORE_HEADERS)",
					"src"
				],
				"OTHER_CPLUSPLUSFLAGS": "-D__MACOSX_CORE__"
			},
			"isa": "XCBuildConfiguration",
			"name": "Debug"
		},
		"E4B69B4F0A3A1720003C02F2": {
			"baseConfigurationReference": "E4EB6923138AFD0F00A09F29",
			"buildSettings": {
				"CODE_SIGN_ENTITLEMENTS": "of.entitlements",
				"COPY_PHASE_STRIP": "YES",
				"GCC_OPTIMIZATION_LEVEL": "3",
				"GCC_UNROLL_LOOPS": "YES",
				"HEADER_SEARCH_PATHS": [
					"$(OF_CORE_HEADERS)",
					"src"
				],
				"OTHER_CPLUSPLUSFLAGS": "-D__MACOSX_CORE__"
			},
			"isa": "XCBuildConfiguration",
			"name": "Release"
		},
		"E4B69B580A3A1756003C02F2": {
			"buildActionMask": "2147483647",
			"files": [
				"E4B69E200A3A1BDC003C02F2",
				"E4B69E210A3A1BDC003C02F2",
				"119B6796-EA41-4E81-9EED-9B58F9B93A78",
				"C2014C60-E8D3-4609-82D3-E10176A8D99F",
				"55318B15-2915-4585-B43F-75F88774E804",
				"DFA7A8AC-03BB-4D7E-8989-AED5300D84A0",
				"0357D24D-5E6D-4E51-B8CD-440E8393566D",
				"4F6A53E6-7742-45D9-BAD1-5B8E7AFF2445",
				"89936C19-335A-42F5-A63D-0CDF77FB116C",
				"60FC74A9-7A0E-40ED-816A-D14093042C1F",
				"6F1A488F-190B-46F2-9582-F9D34F90E667",
				"2FDB8C13-3B28-4A4D-8A05-3FC5945027F3",
				"897F8DF6-0071-4798-BF47-0D4F1554B0AF",
				"8BA22AF3-184B-4DBE-B1C8-8399043BE465",
				"FCF9BA0F-2262-4B60-B533-E0D2FF4FD712",
				"AC1779CB-D04F-4602-980C-4121764EEF5B",
				"66C3AAF1-8232-4976-A294-A3ADD42732B5",
				"15729DD2-F348-4B90-BDC3-5C5CC086B5F2",
				"5D9046A2-582A-41C4-A2B6-AC22625FFAC8",
				"E7CE868F-BD7E-4CB9-B8F1-01809E0174B5",
				"A8085438-CB04-41C1-A16E-EE991EAE54AC"
			],
			"isa": "PBXSourcesBuildPhase",
			"runOnlyForDeploymentPostprocessing": "0"
		},
		"E4B69B590A3A1756003C02F2": {
			"buildActionMask": "2147483647",
			"files": [],
			"isa": "PBXFrameworksBuildPhase",
			"runOnlyForDeploymentPostprocessing": "0"
		},
		"E4B69B5A0A3A1756003C02F2": {
			"buildConfigurationList": "E4B69B5F0A3A1757003C02F2",
			"buildPhases": [
				"E42962A92163ECCD00A6A9E2",
				"E4B69B580A3A1756003C02F2",
				"E4B69B590A3A1756003C02F2",
				"E4C2427710CC5ABF004149E2",
				"E4A5B60F29BAAAE400C2D356",
				"19B789C429E5AB4A0082E9B8"
			],
			"buildRules": [],
			"dependencies": [],
			"isa": "PBXNativeTarget",
			"name": "ofx-Hokuyo",
			"productName": "myOFApp",
			"productReference": "E4B69B5B0A3A1756003C02F2",
			"productType": "com.apple.product-type.application"
		},
		"E4B69B5B0A3A1756003C02F2": {
			"explicitFileType": "wrapper.application",
			"includeInIndex": "0",
			"isa": "PBXFileReference",
			"path": "ofx-HokuyoDebug.app",
			"sourceTree": "BUILT_PRODUCTS_DIR"
		},
		"E4B69B5F0A3A1757003C02F2": {
			"buildConfigurations": [
				"E4B69B600A3A1757003C02F2",
				"E4B69B610A3A1757003C02F2"
			],
			"defaultConfigurationIsVisible": "0",
			"defaultConfigurationName": "Release",
			"isa": "XCConfigurationList"
		},
		"E4B69B600A3A1757003C02F2": {
			"baseConfigurationReference": "E4EB6923138AFD0F00A09F29",
			"buildSettings": {
				"ARCHS": "$(ARCHS_STANDARD)",
				"COPY_PHASE_STRIP": "NO",
				"FRAMEWORK_SEARCH_PATHS": "$(inherited)",
				"GCC_DYNAMIC_NO_PIC": "NO",
				"HEADER_SEARCH_PATHS": [
					"$(OF_CORE_HEADERS)",
					"src",
					"src",
					"src/dbscan",
					"src/span",
					"../../../addons/ofxGui/src",
					"../../../addons/ofxNetwork/src"
				],
				"LIBRARY_SEARCH_PATHS": "$(inherited)",
				"OTHER_LDFLAGS": [
					"$(OF_CORE_LIBS)",
					"$(OF_CORE_FRAMEWORKS)",
					"$(LIB_OF_DEBUG)"
				]
			},
			"isa": "XCBuildConfiguration",
			"name": "Debug"
		},
		"E4B69B610A3A1757003C02F2": {
			"baseConfigurationReference": "E4EB6923138AFD0F00A09F29",
			"buildSettings": {
				"ARCHS": "$(ARCHS_STANDARD)",
				"COPY_PHASE_STRIP": "YES",
				"FRAMEWORK_SEARCH_PATHS": "$(inherited)",
				"HEADER_SEARCH_PATHS": [
					"$(OF_CORE_HEADERS)",
					"src",
					"src",
					"src/dbscan",
					"src/span",
					"../../../addons/ofxGui/src",
					"../../../addons/ofxNetwork/src"
				],
				"LIBRARY_SEARCH_PATHS": "$(inherited)",
				"OTHER_LDFLAGS": [
					"$(OF_CORE_LIBS)",
					"$(OF_CORE_FRAMEWORKS)",
					"$(LIB_OF)"
				],
				"baseConfigurationReference": "E4EB6923138AFD0F00A09F29"
			},
			"isa": "XCBuildConfiguration",
			"name": "Release"
		},
		"E4B69E1C0A3A1BDC003C02F2": {
			"children": [
				"E4B69E1D0A3A1BDC003C02F2",
				"E4B69E1E0A3A1BDC003C02F2",
				"E4B69E1F0A3A1BDC003C02F2",
				"12F0FB64-6B87-4DC8-A361-2EFA8E1B83AF",
				"092CF1A2-E9F8-4250-88C7-0A82704483BE",
				"C3BCB7BF-5D68-4D6D-8A65-4B659B0C008F",
				"9AE821C3-5F19-405F-8DBE-C8ECC3DB3EA9",
				"1D77F346-07A0-417D-96EC-9F2794237873",
				"661A3D4A-9AE0-4ECE-8A77-59787E983105",
				"069F12C7-F2A0-4603-864F-F1E0F0871491",
				"128FE8D9-A178-406F-BCE1-5AC5188DBE7C",
				"B38DB422-A884-4982-9082-32321F765103"
			],
			"isa": "PBXGroup",
			"path": "src",
			"sourceTree": "SOURCE_ROOT"
		},
		"E4B69E1D0A3A1BDC003C02F2": {
			"fileEncoding": "4",
			"isa": "PBXFileReference",
			"lastKnownFileType": "sourcecode.cpp.cpp",
			"name": "main.cpp",
			"path": "src/main.cpp",
			"sourceTree": "SOURCE_ROOT"
		},
		"E4B69E1E0A3A1BDC003C02F2": {
			"explicitFileType": "sourcecode.cpp.cpp",
			"fileEncoding": "4",
			"isa": "PBXFileReference",
			"name": "ofApp.cpp",
			"path": "src/ofApp.cpp",
			"sourceTree": "SOURCE_ROOT"
		},
		"E4B69E1F0A3A1BDC003C02F2": {
			"fileEncoding": "4",
			"isa": "PBXFileReference",
			"lastKnownFileType": "sourcecode.c.h",
			"name": "ofApp.h",
			"path": "src/ofApp.h",
			"sourceTree": "SOURCE_ROOT"
		},
		"E4B69E200A3A1BDC003C02F2": {
			"fileRef": "E4B69E1D0A3A1BDC003C02F2",
			"isa": "PBXBuildFile"
		},
		"E4B69E210A3A1BDC003C02F2": {
			"fileRef": "E4B69E1E0A3A1BDC003C02F2",
			"isa": "PBXBuildFile"
		},
		"E4B6FCAD0C3E899E008CF71C": {
			"fileEncoding": "4",
			"isa": "PBXFileReference",
			"lastKnownFileType": "text.plist.xml",
			"path": "openFrameworks-Info.plist",
			"sourceTree": "<group>"
		},
		"E4C2427710CC5ABF004149E2": {
			"buildActionMask": "2147483647",
			"dstPath": "",
			"dstSubfolderSpec": "10",
			"files": [],
			"isa": "PBXCopyFilesBuildPhase",
			"runOnlyForDeploymentPostprocessing": "0"
		},
		"E4EB6923138AFD0F00A09F29": {
			"fileEncoding": "4",
			"isa": "PBXFileReference",
			"lastKnownFileType": "text.xcconfig",
			"path": "Project.xcconfig",
			"sourceTree": "<group>"
		},
		"E7CE868F-BD7E-4CB9-B8F1-01809E0174B5": {
			"fileRef": "BAA500FF-42D2-4CB7-8971-3D9AE4EAE95C",
			"isa": "PBXBuildFile"
		},
		"F4B56986-D3F8-4DA5-84F4-BE2370787377": {
			"explicitFileType": "sourcecode.cpp.cpp",
			"fileEncoding": "4",
			"isa": "PBXFileReference",
			"name": "ofxBaseGui.cpp",
			"path": "../../../addons/ofxGui/src/ofxBaseGui.cpp",
			"sourceTree": "SOURCE_ROOT"
		},
		"F5E64E2D-C8A5-4C01-A2A0-80DB4F07D740": {
			"explicitFileType": "sourcecode.cpp.cpp",
			"fileEncoding": "4",
			"isa": "PBXFileReference",
			"name": "ofxButton.cpp",
			"path": "../../../addons/ofxGui/src/ofxButton.cpp",
			"sourceTree": "SOURCE_ROOT"
		},
		"F7F4EAA3-B695-48DB-9257-B557C85642D2": {
			"explicitFileType": "sourcecode.c.h",
			"fileEncoding": "4",
			"isa": "PBXFileReference",
			"name": "ofxPanel.h",
			"path": "../../../addons/ofxGui/src/ofxPanel.h",
			"sourceTree": "SOURCE_ROOT"
		},
		"FCF9BA0F-2262-4B60-B533-E0D2FF4FD712": {
			"fileRef": "5868B86D-961F-4B10-97D4-3707BD5F75ED",
			"isa": "PBXBuildFile"
		}
	},
	"openFrameworksProjectGeneratorVersion": "21",
	"rootObject": "E4B69B4C0A3A1720003C02F2"
}