// !$*UTF8*$!
{
	archiveVersion = 1;
	classes = {
	};
	objectVersion = 54;
	objects = {

/* Begin PBXBuildFile section */
		"0358F10B-A992-4E93-AEB8-BE562C1E1A36" /* IpEndpointName.cpp in Sources */ = {isa = PBXBuildFile; fileRef = "3645EE53-9901-41DD-8C90-D222F870CF7F" /* IpEndpointName.cpp */; };
		066B313D2DBEF0D40090B8D0 /* Filter.cpp in Sources */ = {isa = PBXBuildFile; fileRef = 066B313C2DBEF0D40090B8D0 /* Filter.cpp */; };
		066B31402DBEF1FA0090B8D0 /* Filters.cpp in Sources */ = {isa = PBXBuildFile; fileRef = 066B313F2DBEF1FA0090B8D0 /* Filters.cpp */; };
		"0E194678-B973-448E-B900-F61E27993F36" /* ofxTCPClient.cpp in Sources */ = {isa = PBXBuildFile; fileRef = "02F90CE1-81CF-47BC-B3C0-5B9F890DBDD5" /* ofxTCPClient.cpp */; };
		"0EEC4738-B495-48FF-9F2B-B5E910DC8876" /* dbscan.cpp in Sources */ = {isa = PBXBuildFile; fileRef = "23AB5C0F-F542-4C57-A84C-5A957D81CE81" /* dbscan.cpp */; };
		"142212FF-428C-486C-8C64-78AC6CB61F7C" /* ofxUDPManager.cpp in Sources */ = {isa = PBXBuildFile; fileRef = "D8F67F25-8DCB-46B8-AB10-E7F8CF9612B0" /* ofxUDPManager.cpp */; };
		"15C8F4D1-49AF-4070-8E06-76498F36ED63" /* Viewer.cpp in Sources */ = {isa = PBXBuildFile; fileRef = "8C9582EB-4EB2-4687-8CEF-92C8A9546CBD" /* Viewer.cpp */; };
		"166A4DE7-A72A-4283-A40B-A10C4B8A6510" /* Meatbags.cpp in Sources */ = {isa = PBXBuildFile; fileRef = "B5844579-CFB4-42B6-AC2E-7AE4B6F2F5B5" /* Meatbags.cpp */; };
		"1F368785-E08D-46DF-A4F6-6F5948397D59" /* ofxNetworkUtils.cpp in Sources */ = {isa = PBXBuildFile; fileRef = "B2EDA113-7A76-48D8-9491-7446ABF27BE5" /* ofxNetworkUtils.cpp */; };
		"2303721A-FED6-4383-AE73-9DFB4F793A17" /* ofxOscMessage.cpp in Sources */ = {isa = PBXBuildFile; fileRef = "4AF90CA6-BFBE-4DC8-B6C3-C35A831F6965" /* ofxOscMessage.cpp */; };
		"253183BC-F783-4F72-973D-A7081ED2A67A" /* ofxBaseGui.cpp in Sources */ = {isa = PBXBuildFile; fileRef = "92DE4855-67C6-4B4E-A649-02098241EB8B" /* ofxBaseGui.cpp */; };
		"28BCCB0A-9C7E-423A-A38C-11B59C6961FD" /* DraggablePoint.cpp in Sources */ = {isa = PBXBuildFile; fileRef = "1B0C95B6-F2CF-4321-BC20-C4737787E5E3" /* DraggablePoint.cpp */; };
		"30541019-E6AC-454E-935A-3393E8244D9A" /* Hokuyo.cpp in Sources */ = {isa = PBXBuildFile; fileRef = "590E551C-D88E-414A-9692-8F044BCF9EE5" /* Hokuyo.cpp */; };
		"37736D94-1368-46B8-B886-4E4DD7CE342B" /* ofxSliderGroup.cpp in Sources */ = {isa = PBXBuildFile; fileRef = "BC158BF4-196D-448B-9F77-9AB94D63905F" /* ofxSliderGroup.cpp */; };
		"3F281579-A824-4CE7-8E95-84D384B01E22" /* ofxToggle.cpp in Sources */ = {isa = PBXBuildFile; fileRef = "A51EBA60-FB44-4712-9F84-8D4AA918184D" /* ofxToggle.cpp */; };
		"4B693F9E-B2E2-4251-9725-207A4F4CFD40" /* ofxPanel.cpp in Sources */ = {isa = PBXBuildFile; fileRef = "88F63BED-1297-4D1E-B438-D606C7DCA52F" /* ofxPanel.cpp */; };
		"55DCF0D1-669F-4179-ACD6-489085167255" /* ofxTCPServer.cpp in Sources */ = {isa = PBXBuildFile; fileRef = "4E0D512D-3126-4DE3-B26D-65BC6747374B" /* ofxTCPServer.cpp */; };
		"55EA10D6-CC2B-466A-A9E0-FBD36C3E4DF3" /* ofxTCPManager.cpp in Sources */ = {isa = PBXBuildFile; fileRef = "267C9C4A-563D-4B02-B451-E38CF872F63D" /* ofxTCPManager.cpp */; };
		"67DC949F-2ADD-4855-82B4-FA239BCAFD7A" /* ofxOscBundle.cpp in Sources */ = {isa = PBXBuildFile; fileRef = "3182EA4D-C262-43FF-989F-2454A92734A2" /* ofxOscBundle.cpp */; };
		"6DE7AC3F-BA68-453F-90B9-FDA4B352E35F" /* ofxGuiGroup.cpp in Sources */ = {isa = PBXBuildFile; fileRef = "596B56AB-66CF-4839-8985-9FCB66B9D3AC" /* ofxGuiGroup.cpp */; };
		"6E776361-F0F9-42A0-804F-538279244B08" /* ofxButton.cpp in Sources */ = {isa = PBXBuildFile; fileRef = "ED06DF18-5F9B-4ADB-BCAA-E9CA8E38496C" /* ofxButton.cpp */; };
		"79E05201-13CF-4B6C-B3ED-E30EAAB27D8A" /* ofxLabel.cpp in Sources */ = {isa = PBXBuildFile; fileRef = "62764616-C8DF-4AFE-8801-2DA18D03162B" /* ofxLabel.cpp */; };
		"7F1BC38C-8CDC-4C66-A95D-7BA31A835D27" /* ofxOscSender.cpp in Sources */ = {isa = PBXBuildFile; fileRef = "549B129B-70AA-4E07-B39E-90177DD03F92" /* ofxOscSender.cpp */; };
		"819F8B5D-7E85-438B-9D3F-DD6141819698" /* Blob.cpp in Sources */ = {isa = PBXBuildFile; fileRef = "ACE1C5E0-1D64-40DC-BA29-F187AE7FF185" /* Blob.cpp */; };
		"83B3C45C-B2CE-4B07-BE96-9AA588DDE521" /* OscOutboundPacketStream.cpp in Sources */ = {isa = PBXBuildFile; fileRef = "5F226EB2-FDDE-4B17-A5D9-9FCB0BF98B4F" /* OscOutboundPacketStream.cpp */; };
		"8898E5CE-DB89-4C0A-A396-0983E1B70651" /* ofxOscParameterSync.cpp in Sources */ = {isa = PBXBuildFile; fileRef = "C8A44727-31ED-41EC-B266-294206865CC9" /* ofxOscParameterSync.cpp */; };
		"8C9A7B04-47F9-4BE1-853B-D9158E8A4D1F" /* NetworkingUtils.cpp in Sources */ = {isa = PBXBuildFile; fileRef = "E6DACA17-AEA8-4746-8A76-C5EF27D294F9" /* NetworkingUtils.cpp */; };
		"9B969BE0-320B-4ABD-8B69-DDE0CA83A5B6" /* UdpSocket.cpp in Sources */ = {isa = PBXBuildFile; fileRef = "ADB25D07-0036-4338-8301-F96E3DB9A39C" /* UdpSocket.cpp */; };
		"B3E5CDAE-5CAF-4DAD-941A-FEC7AB79A5A6" /* OscReceivedElements.cpp in Sources */ = {isa = PBXBuildFile; fileRef = "F7A59883-8019-4D7A-A38E-2D9D3632B555" /* OscReceivedElements.cpp */; };
		"BEB45DDF-4D40-4144-ABD2-27B8405C18A9" /* ofxColorPicker.cpp in Sources */ = {isa = PBXBuildFile; fileRef = "B5308E82-3AE9-4CDB-BEB1-D9F65CEE9EF3" /* ofxColorPicker.cpp */; };
		"D11F6241-43E8-41FD-A663-05876661F6AA" /* ofxInputField.cpp in Sources */ = {isa = PBXBuildFile; fileRef = "352257A3-DEF3-44D2-97B3-21D0DA1CF579" /* ofxInputField.cpp */; };
		"D144759C-D55F-47FB-ACB3-D6EEBE7D9BDF" /* ofxOscReceiver.cpp in Sources */ = {isa = PBXBuildFile; fileRef = "7DB5E0B3-B124-4B85-8F8F-CE9150EF6968" /* ofxOscReceiver.cpp */; };
		"D714080C-38B7-49CC-AE71-907952ECC318" /* OscTypes.cpp in Sources */ = {isa = PBXBuildFile; fileRef = "66B80085-35C6-4969-8CD0-F487F97884BB" /* OscTypes.cpp */; };
		E4B69E200A3A1BDC003C02F2 /* main.cpp in Sources */ = {isa = PBXBuildFile; fileRef = E4B69E1D0A3A1BDC003C02F2 /* main.cpp */; };
		E4B69E210A3A1BDC003C02F2 /* ofApp.cpp in Sources */ = {isa = PBXBuildFile; fileRef = E4B69E1E0A3A1BDC003C02F2 /* ofApp.cpp */; };
		"F2A18517-DFC4-4969-8FA8-464905F993A4" /* Sensors.cpp in Sources */ = {isa = PBXBuildFile; fileRef = "E797E9AB-81FE-4C05-B294-1ADCA1DCB538" /* Sensors.cpp */; };
		"F3ED8FF2-93F1-4A3F-90FA-BC10AEE06E89" /* ofxSlider.cpp in Sources */ = {isa = PBXBuildFile; fileRef = "64E381CA-470A-472F-AB8C-C29CAB64FC33" /* ofxSlider.cpp */; };
		"F4C345B4-5E95-4736-B6D1-0222B88A446B" /* OscPrintReceivedElements.cpp in Sources */ = {isa = PBXBuildFile; fileRef = "42FAB1F2-0813-4BA6-AEF2-2A4FF23CA282" /* OscPrintReceivedElements.cpp */; };
/* End PBXBuildFile section */

/* Begin PBXCopyFilesBuildPhase section */
		E4A5B60F29BAAAE400C2D356 /* CopyFiles */ = {
			isa = PBXCopyFilesBuildPhase;
			buildActionMask = 2147483647;
			dstPath = "";
			dstSubfolderSpec = 6;
			files = (
			);
			runOnlyForDeploymentPostprocessing = 0;
		};
		E4C2427710CC5ABF004149E2 /* CopyFiles */ = {
			isa = PBXCopyFilesBuildPhase;
			buildActionMask = 2147483647;
			dstPath = "";
			dstSubfolderSpec = 10;
			files = (
			);
			runOnlyForDeploymentPostprocessing = 0;
		};
/* End PBXCopyFilesBuildPhase section */

/* Begin PBXFileReference section */
		"02F90CE1-81CF-47BC-B3C0-5B9F890DBDD5" /* ofxTCPClient.cpp */ = {isa = PBXFileReference; explicitFileType = sourcecode.cpp.cpp; fileEncoding = 4; name = ofxTCPClient.cpp; path = ../../../addons/ofxNetwork/src/ofxTCPClient.cpp; sourceTree = SOURCE_ROOT; };
		"03F4BB1A-8E7E-4515-AC6E-15B3DE7BA834" /* peigencalc.hpp */ = {isa = PBXFileReference; explicitFileType = sourcecode.c.h; fileEncoding = 4; name = peigencalc.hpp; path = src/superpose3d/peigencalc.hpp; sourceTree = SOURCE_ROOT; };
		066B313B2DBEF0D40090B8D0 /* Filter.hpp */ = {isa = PBXFileReference; lastKnownFileType = sourcecode.cpp.h; path = Filter.hpp; sourceTree = "<group>"; };
		066B313C2DBEF0D40090B8D0 /* Filter.cpp */ = {isa = PBXFileReference; lastKnownFileType = sourcecode.cpp.cpp; path = Filter.cpp; sourceTree = "<group>"; };
		066B313E2DBEF1FA0090B8D0 /* Filters.hpp */ = {isa = PBXFileReference; lastKnownFileType = sourcecode.cpp.h; path = Filters.hpp; sourceTree = "<group>"; };
		066B313F2DBEF1FA0090B8D0 /* Filters.cpp */ = {isa = PBXFileReference; lastKnownFileType = sourcecode.cpp.cpp; path = Filters.cpp; sourceTree = "<group>"; };
		"0AAA4E54-B535-4FD0-ABE7-AC4931CB8A9B" /* span.hpp */ = {isa = PBXFileReference; explicitFileType = sourcecode.c.h; fileEncoding = 4; name = span.hpp; path = src/tcb/span.hpp; sourceTree = SOURCE_ROOT; };
		"0BB0D3F3-1A54-4B75-BF8A-40EAD8045004" /* OscPacketListener.h */ = {isa = PBXFileReference; explicitFileType = sourcecode.c.h; fileEncoding = 4; name = OscPacketListener.h; path = ../../../addons/ofxOsc/libs/oscpack/src/osc/OscPacketListener.h; sourceTree = SOURCE_ROOT; };
		"0FE6A465-10CD-4C19-A219-58964B99F6B3" /* ofxTCPServer.h */ = {isa = PBXFileReference; explicitFileType = sourcecode.c.h; fileEncoding = 4; name = ofxTCPServer.h; path = ../../../addons/ofxNetwork/src/ofxTCPServer.h; sourceTree = SOURCE_ROOT; };
		"1045FCE5-686D-49E8-9B0A-B02DF3916249" /* jacobi_pd.hpp */ = {isa = PBXFileReference; explicitFileType = sourcecode.c.h; fileEncoding = 4; name = jacobi_pd.hpp; path = src/superpose3d/jacobi_pd.hpp; sourceTree = SOURCE_ROOT; };
		"1145307F-411D-40A9-BB1A-8682C49C83BE" /* ofxOscReceiver.h */ = {isa = PBXFileReference; explicitFileType = sourcecode.c.h; fileEncoding = 4; name = ofxOscReceiver.h; path = ../../../addons/ofxOsc/src/ofxOscReceiver.h; sourceTree = SOURCE_ROOT; };
		"13ABB4F8-B18C-4EDE-BBA1-15682AF5C5F7" /* ofxOsc.h */ = {isa = PBXFileReference; explicitFileType = sourcecode.c.h; fileEncoding = 4; name = ofxOsc.h; path = ../../../addons/ofxOsc/src/ofxOsc.h; sourceTree = SOURCE_ROOT; };
		191CD6FA2847E21E0085CBB6 /* of.entitlements */ = {isa = PBXFileReference; fileEncoding = 4; lastKnownFileType = text.plist.entitlements; path = of.entitlements; sourceTree = "<group>"; };
		191EF70929D778A400F35F26 /* openFrameworks */ = {isa = PBXFileReference; lastKnownFileType = folder; name = openFrameworks; path = ../../../libs/openFrameworks; sourceTree = SOURCE_ROOT; };
		"1B0C95B6-F2CF-4321-BC20-C4737787E5E3" /* DraggablePoint.cpp */ = {isa = PBXFileReference; explicitFileType = sourcecode.cpp.cpp; fileEncoding = 4; name = DraggablePoint.cpp; path = src/DraggablePoint.cpp; sourceTree = SOURCE_ROOT; };
		"22A19B4D-8333-42DC-B234-7FF09063DFF5" /* superpose3d.hpp */ = {isa = PBXFileReference; explicitFileType = sourcecode.c.h; fileEncoding = 4; name = superpose3d.hpp; path = src/superpose3d/superpose3d.hpp; sourceTree = SOURCE_ROOT; };
		"23625A24-97F3-4429-9FF3-83E3C803AE1E" /* ofxOscMessage.h */ = {isa = PBXFileReference; explicitFileType = sourcecode.c.h; fileEncoding = 4; name = ofxOscMessage.h; path = ../../../addons/ofxOsc/src/ofxOscMessage.h; sourceTree = SOURCE_ROOT; };
		"23AB5C0F-F542-4C57-A84C-5A957D81CE81" /* dbscan.cpp */ = {isa = PBXFileReference; explicitFileType = sourcecode.cpp.cpp; fileEncoding = 4; name = dbscan.cpp; path = src/dbscan/dbscan.cpp; sourceTree = SOURCE_ROOT; };
		"267C9C4A-563D-4B02-B451-E38CF872F63D" /* ofxTCPManager.cpp */ = {isa = PBXFileReference; explicitFileType = sourcecode.cpp.cpp; fileEncoding = 4; name = ofxTCPManager.cpp; path = ../../../addons/ofxNetwork/src/ofxTCPManager.cpp; sourceTree = SOURCE_ROOT; };
		"26CBF6B4-A304-49D4-B17E-42C38FCBDE4C" /* ofxColorPicker.h */ = {isa = PBXFileReference; explicitFileType = sourcecode.c.h; fileEncoding = 4; name = ofxColorPicker.h; path = ../../../addons/ofxGui/src/ofxColorPicker.h; sourceTree = SOURCE_ROOT; };
		"2BAA677A-88C2-42A9-8658-321AB8BD85FA" /* ofxBaseGui.h */ = {isa = PBXFileReference; explicitFileType = sourcecode.c.h; fileEncoding = 4; name = ofxBaseGui.h; path = ../../../addons/ofxGui/src/ofxBaseGui.h; sourceTree = SOURCE_ROOT; };
		"3182EA4D-C262-43FF-989F-2454A92734A2" /* ofxOscBundle.cpp */ = {isa = PBXFileReference; explicitFileType = sourcecode.cpp.cpp; fileEncoding = 4; name = ofxOscBundle.cpp; path = ../../../addons/ofxOsc/src/ofxOscBundle.cpp; sourceTree = SOURCE_ROOT; };
		"352257A3-DEF3-44D2-97B3-21D0DA1CF579" /* ofxInputField.cpp */ = {isa = PBXFileReference; explicitFileType = sourcecode.cpp.cpp; fileEncoding = 4; name = ofxInputField.cpp; path = ../../../addons/ofxGui/src/ofxInputField.cpp; sourceTree = SOURCE_ROOT; };
		"3645EE53-9901-41DD-8C90-D222F870CF7F" /* IpEndpointName.cpp */ = {isa = PBXFileReference; explicitFileType = sourcecode.cpp.cpp; fileEncoding = 4; name = IpEndpointName.cpp; path = ../../../addons/ofxOsc/libs/oscpack/src/ip/IpEndpointName.cpp; sourceTree = SOURCE_ROOT; };
		"385ED86F-A049-490E-A8E9-D46BC33CE121" /* UdpSocket.h */ = {isa = PBXFileReference; explicitFileType = sourcecode.c.h; fileEncoding = 4; name = UdpSocket.h; path = ../../../addons/ofxOsc/libs/oscpack/src/ip/UdpSocket.h; sourceTree = SOURCE_ROOT; };
		"3A21C134-9989-4851-9AB7-20C96DCEC791" /* matrix_alloc_jpd.hpp */ = {isa = PBXFileReference; explicitFileType = sourcecode.c.h; fileEncoding = 4; name = matrix_alloc_jpd.hpp; path = src/superpose3d/matrix_alloc_jpd.hpp; sourceTree = SOURCE_ROOT; };
		"3F8EA6D8-473F-4F3B-A254-29D37AA02699" /* Blob.hpp */ = {isa = PBXFileReference; explicitFileType = sourcecode.c.h; fileEncoding = 4; name = Blob.hpp; path = src/Blob.hpp; sourceTree = SOURCE_ROOT; };
		"42FAB1F2-0813-4BA6-AEF2-2A4FF23CA282" /* OscPrintReceivedElements.cpp */ = {isa = PBXFileReference; explicitFileType = sourcecode.cpp.cpp; fileEncoding = 4; name = OscPrintReceivedElements.cpp; path = ../../../addons/ofxOsc/libs/oscpack/src/osc/OscPrintReceivedElements.cpp; sourceTree = SOURCE_ROOT; };
		"45760E32-A754-4743-958B-9BA63FDEB66E" /* ofxTCPSettings.h */ = {isa = PBXFileReference; explicitFileType = sourcecode.c.h; fileEncoding = 4; name = ofxTCPSettings.h; path = ../../../addons/ofxNetwork/src/ofxTCPSettings.h; sourceTree = SOURCE_ROOT; };
		"4704DCB3-2218-402A-A4C2-AEB564FD9271" /* ofxPanel.h */ = {isa = PBXFileReference; explicitFileType = sourcecode.c.h; fileEncoding = 4; name = ofxPanel.h; path = ../../../addons/ofxGui/src/ofxPanel.h; sourceTree = SOURCE_ROOT; };
		"4A6899F4-9F9E-4B22-A6F9-DBA08C06DF9A" /* ofxUDPSettings.h */ = {isa = PBXFileReference; explicitFileType = sourcecode.c.h; fileEncoding = 4; name = ofxUDPSettings.h; path = ../../../addons/ofxNetwork/src/ofxUDPSettings.h; sourceTree = SOURCE_ROOT; };
		"4AF90CA6-BFBE-4DC8-B6C3-C35A831F6965" /* ofxOscMessage.cpp */ = {isa = PBXFileReference; explicitFileType = sourcecode.cpp.cpp; fileEncoding = 4; name = ofxOscMessage.cpp; path = ../../../addons/ofxOsc/src/ofxOscMessage.cpp; sourceTree = SOURCE_ROOT; };
		"4E0D512D-3126-4DE3-B26D-65BC6747374B" /* ofxTCPServer.cpp */ = {isa = PBXFileReference; explicitFileType = sourcecode.cpp.cpp; fileEncoding = 4; name = ofxTCPServer.cpp; path = ../../../addons/ofxNetwork/src/ofxTCPServer.cpp; sourceTree = SOURCE_ROOT; };
		"515BDDBE-DCEB-48BD-82DB-F1E1A35A678F" /* ofxNetwork.h */ = {isa = PBXFileReference; explicitFileType = sourcecode.c.h; fileEncoding = 4; name = ofxNetwork.h; path = ../../../addons/ofxNetwork/src/ofxNetwork.h; sourceTree = SOURCE_ROOT; };
		"52F0CD0B-943C-4B00-9EFA-5671E5876020" /* ofxTCPManager.h */ = {isa = PBXFileReference; explicitFileType = sourcecode.c.h; fileEncoding = 4; name = ofxTCPManager.h; path = ../../../addons/ofxNetwork/src/ofxTCPManager.h; sourceTree = SOURCE_ROOT; };
		"549B129B-70AA-4E07-B39E-90177DD03F92" /* ofxOscSender.cpp */ = {isa = PBXFileReference; explicitFileType = sourcecode.cpp.cpp; fileEncoding = 4; name = ofxOscSender.cpp; path = ../../../addons/ofxOsc/src/ofxOscSender.cpp; sourceTree = SOURCE_ROOT; };
		"54A17A44-B7CD-45F9-B8FB-E06AB08A8E68" /* ofxGuiGroup.h */ = {isa = PBXFileReference; explicitFileType = sourcecode.c.h; fileEncoding = 4; name = ofxGuiGroup.h; path = ../../../addons/ofxGui/src/ofxGuiGroup.h; sourceTree = SOURCE_ROOT; };
		"56FBBC8F-7DB7-4F66-B4CE-4A854A7A9853" /* ofxButton.h */ = {isa = PBXFileReference; explicitFileType = sourcecode.c.h; fileEncoding = 4; name = ofxButton.h; path = ../../../addons/ofxGui/src/ofxButton.h; sourceTree = SOURCE_ROOT; };
		"590E551C-D88E-414A-9692-8F044BCF9EE5" /* Hokuyo.cpp */ = {isa = PBXFileReference; explicitFileType = sourcecode.cpp.cpp; fileEncoding = 4; name = Hokuyo.cpp; path = src/Hokuyo.cpp; sourceTree = SOURCE_ROOT; };
		"596B56AB-66CF-4839-8985-9FCB66B9D3AC" /* ofxGuiGroup.cpp */ = {isa = PBXFileReference; explicitFileType = sourcecode.cpp.cpp; fileEncoding = 4; name = ofxGuiGroup.cpp; path = ../../../addons/ofxGui/src/ofxGuiGroup.cpp; sourceTree = SOURCE_ROOT; };
		"5A7F463F-7997-4471-A482-4BE856CE4C32" /* ofxInputField.h */ = {isa = PBXFileReference; explicitFileType = sourcecode.c.h; fileEncoding = 4; name = ofxInputField.h; path = ../../../addons/ofxGui/src/ofxInputField.h; sourceTree = SOURCE_ROOT; };
		"5C7D8CDE-7CEC-4200-B2CD-1AAAB3EAEC9D" /* ofxSliderGroup.h */ = {isa = PBXFileReference; explicitFileType = sourcecode.c.h; fileEncoding = 4; name = ofxSliderGroup.h; path = ../../../addons/ofxGui/src/ofxSliderGroup.h; sourceTree = SOURCE_ROOT; };
		"5DC33147-454B-4C08-A207-B09C271D4048" /* ofxLabel.h */ = {isa = PBXFileReference; explicitFileType = sourcecode.c.h; fileEncoding = 4; name = ofxLabel.h; path = ../../../addons/ofxGui/src/ofxLabel.h; sourceTree = SOURCE_ROOT; };
		"5F226EB2-FDDE-4B17-A5D9-9FCB0BF98B4F" /* OscOutboundPacketStream.cpp */ = {isa = PBXFileReference; explicitFileType = sourcecode.cpp.cpp; fileEncoding = 4; name = OscOutboundPacketStream.cpp; path = ../../../addons/ofxOsc/libs/oscpack/src/osc/OscOutboundPacketStream.cpp; sourceTree = SOURCE_ROOT; };
		"62764616-C8DF-4AFE-8801-2DA18D03162B" /* ofxLabel.cpp */ = {isa = PBXFileReference; explicitFileType = sourcecode.cpp.cpp; fileEncoding = 4; name = ofxLabel.cpp; path = ../../../addons/ofxGui/src/ofxLabel.cpp; sourceTree = SOURCE_ROOT; };
		"64E381CA-470A-472F-AB8C-C29CAB64FC33" /* ofxSlider.cpp */ = {isa = PBXFileReference; explicitFileType = sourcecode.cpp.cpp; fileEncoding = 4; name = ofxSlider.cpp; path = ../../../addons/ofxGui/src/ofxSlider.cpp; sourceTree = SOURCE_ROOT; };
		"66B80085-35C6-4969-8CD0-F487F97884BB" /* OscTypes.cpp */ = {isa = PBXFileReference; explicitFileType = sourcecode.cpp.cpp; fileEncoding = 4; name = OscTypes.cpp; path = ../../../addons/ofxOsc/libs/oscpack/src/osc/OscTypes.cpp; sourceTree = SOURCE_ROOT; };
		"6BF4DAC7-74B9-46FC-84AE-09EBD4C04E1F" /* DraggablePoint.hpp */ = {isa = PBXFileReference; explicitFileType = sourcecode.c.h; fileEncoding = 4; name = DraggablePoint.hpp; path = src/DraggablePoint.hpp; sourceTree = SOURCE_ROOT; };
		"7379CE20-6CBB-42EC-B2C4-76443F5D9AAE" /* Space.h */ = {isa = PBXFileReference; explicitFileType = sourcecode.c.h; fileEncoding = 4; name = Space.h; path = src/Space.h; sourceTree = SOURCE_ROOT; };
		"78C2DA4C-D080-44A5-B477-1BE8E40BF374" /* OscException.h */ = {isa = PBXFileReference; explicitFileType = sourcecode.c.h; fileEncoding = 4; name = OscException.h; path = ../../../addons/ofxOsc/libs/oscpack/src/osc/OscException.h; sourceTree = SOURCE_ROOT; };
		"7A955C17-1295-4166-AEB4-399DFF123D43" /* dbscan.hpp */ = {isa = PBXFileReference; explicitFileType = sourcecode.c.h; fileEncoding = 4; name = dbscan.hpp; path = src/dbscan/dbscan.hpp; sourceTree = SOURCE_ROOT; };
		"7DB5E0B3-B124-4B85-8F8F-CE9150EF6968" /* ofxOscReceiver.cpp */ = {isa = PBXFileReference; explicitFileType = sourcecode.cpp.cpp; fileEncoding = 4; name = ofxOscReceiver.cpp; path = ../../../addons/ofxOsc/src/ofxOscReceiver.cpp; sourceTree = SOURCE_ROOT; };
		"8019D74A-8FC6-497C-8C35-E5D47BF56428" /* MessageMappingOscPacketListener.h */ = {isa = PBXFileReference; explicitFileType = sourcecode.c.h; fileEncoding = 4; name = MessageMappingOscPacketListener.h; path = ../../../addons/ofxOsc/libs/oscpack/src/osc/MessageMappingOscPacketListener.h; sourceTree = SOURCE_ROOT; };
		"808929C9-D553-4853-9753-7FF8F3E44E6B" /* OscOutboundPacketStream.h */ = {isa = PBXFileReference; explicitFileType = sourcecode.c.h; fileEncoding = 4; name = OscOutboundPacketStream.h; path = ../../../addons/ofxOsc/libs/oscpack/src/osc/OscOutboundPacketStream.h; sourceTree = SOURCE_ROOT; };
		"84E23001-39B4-4042-A99A-AB318C3C3443" /* Sensors.hpp */ = {isa = PBXFileReference; explicitFileType = sourcecode.c.h; fileEncoding = 4; name = Sensors.hpp; path = src/Sensors.hpp; sourceTree = SOURCE_ROOT; };
		"88F63BED-1297-4D1E-B438-D606C7DCA52F" /* ofxPanel.cpp */ = {isa = PBXFileReference; explicitFileType = sourcecode.cpp.cpp; fileEncoding = 4; name = ofxPanel.cpp; path = ../../../addons/ofxGui/src/ofxPanel.cpp; sourceTree = SOURCE_ROOT; };
		"8C9582EB-4EB2-4687-8CEF-92C8A9546CBD" /* Viewer.cpp */ = {isa = PBXFileReference; explicitFileType = sourcecode.cpp.cpp; fileEncoding = 4; name = Viewer.cpp; path = src/Viewer.cpp; sourceTree = SOURCE_ROOT; };
		"92DE4855-67C6-4B4E-A649-02098241EB8B" /* ofxBaseGui.cpp */ = {isa = PBXFileReference; explicitFileType = sourcecode.cpp.cpp; fileEncoding = 4; name = ofxBaseGui.cpp; path = ../../../addons/ofxGui/src/ofxBaseGui.cpp; sourceTree = SOURCE_ROOT; };
		"9648EEDF-E5D2-4081-9ADE-0CE7719E30C9" /* ofxGuiUtils.h */ = {isa = PBXFileReference; explicitFileType = sourcecode.c.h; fileEncoding = 4; name = ofxGuiUtils.h; path = ../../../addons/ofxGui/src/ofxGuiUtils.h; sourceTree = SOURCE_ROOT; };
		"9BE29FBE-7A85-4304-BEE2-C79DD82FB3C0" /* ofxOscBundle.h */ = {isa = PBXFileReference; explicitFileType = sourcecode.c.h; fileEncoding = 4; name = ofxOscBundle.h; path = ../../../addons/ofxOsc/src/ofxOscBundle.h; sourceTree = SOURCE_ROOT; };
		"9CBA84BA-1ACC-4B58-8517-DA2626E510D4" /* IpEndpointName.h */ = {isa = PBXFileReference; explicitFileType = sourcecode.c.h; fileEncoding = 4; name = IpEndpointName.h; path = ../../../addons/ofxOsc/libs/oscpack/src/ip/IpEndpointName.h; sourceTree = SOURCE_ROOT; };
		"A01CFEBA-4427-42F5-92D4-D817DAB5BE70" /* ofxToggle.h */ = {isa = PBXFileReference; explicitFileType = sourcecode.c.h; fileEncoding = 4; name = ofxToggle.h; path = ../../../addons/ofxGui/src/ofxToggle.h; sourceTree = SOURCE_ROOT; };
		"A501FDC4-AF83-437A-B5ED-FC48C994C723" /* ofxNetworkUtils.h */ = {isa = PBXFileReference; explicitFileType = sourcecode.c.h; fileEncoding = 4; name = ofxNetworkUtils.h; path = ../../../addons/ofxNetwork/src/ofxNetworkUtils.h; sourceTree = SOURCE_ROOT; };
		"A51EBA60-FB44-4712-9F84-8D4AA918184D" /* ofxToggle.cpp */ = {isa = PBXFileReference; explicitFileType = sourcecode.cpp.cpp; fileEncoding = 4; name = ofxToggle.cpp; path = ../../../addons/ofxGui/src/ofxToggle.cpp; sourceTree = SOURCE_ROOT; };
		"ACE1C5E0-1D64-40DC-BA29-F187AE7FF185" /* Blob.cpp */ = {isa = PBXFileReference; explicitFileType = sourcecode.cpp.cpp; fileEncoding = 4; name = Blob.cpp; path = src/Blob.cpp; sourceTree = SOURCE_ROOT; };
		"ADB25D07-0036-4338-8301-F96E3DB9A39C" /* UdpSocket.cpp */ = {isa = PBXFileReference; explicitFileType = sourcecode.cpp.cpp; fileEncoding = 4; name = UdpSocket.cpp; path = ../../../addons/ofxOsc/libs/oscpack/src/ip/posix/UdpSocket.cpp; sourceTree = SOURCE_ROOT; };
		"B15E9198-DC43-45AB-ACD6-AEA2C7FA5698" /* ofxOscParameterSync.h */ = {isa = PBXFileReference; explicitFileType = sourcecode.c.h; fileEncoding = 4; name = ofxOscParameterSync.h; path = ../../../addons/ofxOsc/src/ofxOscParameterSync.h; sourceTree = SOURCE_ROOT; };
		"B2AE9AA7-E312-4CE6-A50E-B1919D25AB8F" /* ofxTCPClient.h */ = {isa = PBXFileReference; explicitFileType = sourcecode.c.h; fileEncoding = 4; name = ofxTCPClient.h; path = ../../../addons/ofxNetwork/src/ofxTCPClient.h; sourceTree = SOURCE_ROOT; };
		"B2EDA113-7A76-48D8-9491-7446ABF27BE5" /* ofxNetworkUtils.cpp */ = {isa = PBXFileReference; explicitFileType = sourcecode.cpp.cpp; fileEncoding = 4; name = ofxNetworkUtils.cpp; path = ../../../addons/ofxNetwork/src/ofxNetworkUtils.cpp; sourceTree = SOURCE_ROOT; };
		"B5308E82-3AE9-4CDB-BEB1-D9F65CEE9EF3" /* ofxColorPicker.cpp */ = {isa = PBXFileReference; explicitFileType = sourcecode.cpp.cpp; fileEncoding = 4; name = ofxColorPicker.cpp; path = ../../../addons/ofxGui/src/ofxColorPicker.cpp; sourceTree = SOURCE_ROOT; };
		"B5844579-CFB4-42B6-AC2E-7AE4B6F2F5B5" /* Meatbags.cpp */ = {isa = PBXFileReference; explicitFileType = sourcecode.cpp.cpp; fileEncoding = 4; name = Meatbags.cpp; path = src/Meatbags.cpp; sourceTree = SOURCE_ROOT; };
		"B9219670-7984-4935-AE86-ED813E54687A" /* ofxSlider.h */ = {isa = PBXFileReference; explicitFileType = sourcecode.c.h; fileEncoding = 4; name = ofxSlider.h; path = ../../../addons/ofxGui/src/ofxSlider.h; sourceTree = SOURCE_ROOT; };
		"BA512773-EB19-4CFB-AD40-DC6293B8899E" /* OscPrintReceivedElements.h */ = {isa = PBXFileReference; explicitFileType = sourcecode.c.h; fileEncoding = 4; name = OscPrintReceivedElements.h; path = ../../../addons/ofxOsc/libs/oscpack/src/osc/OscPrintReceivedElements.h; sourceTree = SOURCE_ROOT; };
		"BC158BF4-196D-448B-9F77-9AB94D63905F" /* ofxSliderGroup.cpp */ = {isa = PBXFileReference; explicitFileType = sourcecode.cpp.cpp; fileEncoding = 4; name = ofxSliderGroup.cpp; path = ../../../addons/ofxGui/src/ofxSliderGroup.cpp; sourceTree = SOURCE_ROOT; };
		"BC2FCB9A-98B6-446E-BADE-43B8DC11D9D6" /* ofxUDPManager.h */ = {isa = PBXFileReference; explicitFileType = sourcecode.c.h; fileEncoding = 4; name = ofxUDPManager.h; path = ../../../addons/ofxNetwork/src/ofxUDPManager.h; sourceTree = SOURCE_ROOT; };
		"BDBBC854-FA11-4D0E-BA02-6BB71C682454" /* OscReceivedElements.h */ = {isa = PBXFileReference; explicitFileType = sourcecode.c.h; fileEncoding = 4; name = OscReceivedElements.h; path = ../../../addons/ofxOsc/libs/oscpack/src/osc/OscReceivedElements.h; sourceTree = SOURCE_ROOT; };
		"C0799695-0370-49A4-9035-B52193BA50B8" /* OscHostEndianness.h */ = {isa = PBXFileReference; explicitFileType = sourcecode.c.h; fileEncoding = 4; name = OscHostEndianness.h; path = ../../../addons/ofxOsc/libs/oscpack/src/osc/OscHostEndianness.h; sourceTree = SOURCE_ROOT; };
		"C8A44727-31ED-41EC-B266-294206865CC9" /* ofxOscParameterSync.cpp */ = {isa = PBXFileReference; explicitFileType = sourcecode.cpp.cpp; fileEncoding = 4; name = ofxOscParameterSync.cpp; path = ../../../addons/ofxOsc/src/ofxOscParameterSync.cpp; sourceTree = SOURCE_ROOT; };
		"C9A2C15E-FAA0-4AEA-9949-DF487B47C532" /* Viewer.hpp */ = {isa = PBXFileReference; explicitFileType = sourcecode.c.h; fileEncoding = 4; name = Viewer.hpp; path = src/Viewer.hpp; sourceTree = SOURCE_ROOT; };
		"CD510544-B9BB-485F-8FAB-073F57BBE809" /* TimerListener.h */ = {isa = PBXFileReference; explicitFileType = sourcecode.c.h; fileEncoding = 4; name = TimerListener.h; path = ../../../addons/ofxOsc/libs/oscpack/src/ip/TimerListener.h; sourceTree = SOURCE_ROOT; };
		"CDE50121-A71E-4B12-ABB2-5D2072947207" /* ofxOscSender.h */ = {isa = PBXFileReference; explicitFileType = sourcecode.c.h; fileEncoding = 4; name = ofxOscSender.h; path = ../../../addons/ofxOsc/src/ofxOscSender.h; sourceTree = SOURCE_ROOT; };
		"D2186950-F460-4FFC-B018-B2706AB5F6D6" /* ofxGui.h */ = {isa = PBXFileReference; explicitFileType = sourcecode.c.h; fileEncoding = 4; name = ofxGui.h; path = ../../../addons/ofxGui/src/ofxGui.h; sourceTree = SOURCE_ROOT; };
		"D2C34778-8918-410A-AFF7-5828CDA196DE" /* nanoflann.hpp */ = {isa = PBXFileReference; explicitFileType = sourcecode.c.h; fileEncoding = 4; name = nanoflann.hpp; path = src/dbscan/nanoflann.hpp; sourceTree = SOURCE_ROOT; };
		"D65F5DD2-E4E4-4409-9E6A-126A71D62CAE" /* PacketListener.h */ = {isa = PBXFileReference; explicitFileType = sourcecode.c.h; fileEncoding = 4; name = PacketListener.h; path = ../../../addons/ofxOsc/libs/oscpack/src/ip/PacketListener.h; sourceTree = SOURCE_ROOT; };
		"D8F67F25-8DCB-46B8-AB10-E7F8CF9612B0" /* ofxUDPManager.cpp */ = {isa = PBXFileReference; explicitFileType = sourcecode.cpp.cpp; fileEncoding = 4; name = ofxUDPManager.cpp; path = ../../../addons/ofxNetwork/src/ofxUDPManager.cpp; sourceTree = SOURCE_ROOT; };
		"E2A076AD-31D8-46A8-BA0A-A2B956DDB8A2" /* NetworkingUtils.h */ = {isa = PBXFileReference; explicitFileType = sourcecode.c.h; fileEncoding = 4; name = NetworkingUtils.h; path = ../../../addons/ofxOsc/libs/oscpack/src/ip/NetworkingUtils.h; sourceTree = SOURCE_ROOT; };
		"E39D80CB-FBA0-4DB7-82E5-8DDC4177E7F4" /* Hokuyo.hpp */ = {isa = PBXFileReference; explicitFileType = sourcecode.c.h; fileEncoding = 4; name = Hokuyo.hpp; path = src/Hokuyo.hpp; sourceTree = SOURCE_ROOT; };
		E4B69B5B0A3A1756003C02F2 /* meatbagsDebug.app */ = {isa = PBXFileReference; explicitFileType = wrapper.application; includeInIndex = 0; path = meatbagsDebug.app; sourceTree = BUILT_PRODUCTS_DIR; };
		E4B69E1D0A3A1BDC003C02F2 /* main.cpp */ = {isa = PBXFileReference; fileEncoding = 4; lastKnownFileType = sourcecode.cpp.cpp; name = main.cpp; path = src/main.cpp; sourceTree = SOURCE_ROOT; };
		E4B69E1E0A3A1BDC003C02F2 /* ofApp.cpp */ = {isa = PBXFileReference; explicitFileType = sourcecode.cpp.cpp; fileEncoding = 4; name = ofApp.cpp; path = src/ofApp.cpp; sourceTree = SOURCE_ROOT; };
		E4B69E1F0A3A1BDC003C02F2 /* ofApp.h */ = {isa = PBXFileReference; fileEncoding = 4; lastKnownFileType = sourcecode.c.h; name = ofApp.h; path = src/ofApp.h; sourceTree = SOURCE_ROOT; };
		E4B6FCAD0C3E899E008CF71C /* openFrameworks-Info.plist */ = {isa = PBXFileReference; fileEncoding = 4; lastKnownFileType = text.plist.xml; path = "openFrameworks-Info.plist"; sourceTree = "<group>"; };
		E4EB6923138AFD0F00A09F29 /* Project.xcconfig */ = {isa = PBXFileReference; fileEncoding = 4; lastKnownFileType = text.xcconfig; path = Project.xcconfig; sourceTree = "<group>"; };
		"E6DACA17-AEA8-4746-8A76-C5EF27D294F9" /* NetworkingUtils.cpp */ = {isa = PBXFileReference; explicitFileType = sourcecode.cpp.cpp; fileEncoding = 4; name = NetworkingUtils.cpp; path = ../../../addons/ofxOsc/libs/oscpack/src/ip/posix/NetworkingUtils.cpp; sourceTree = SOURCE_ROOT; };
		"E797E9AB-81FE-4C05-B294-1ADCA1DCB538" /* Sensors.cpp */ = {isa = PBXFileReference; explicitFileType = sourcecode.cpp.cpp; fileEncoding = 4; name = Sensors.cpp; path = src/Sensors.cpp; sourceTree = SOURCE_ROOT; };
		"EC0AC770-8C6C-48A7-B4F1-6885D67E7621" /* OscTypes.h */ = {isa = PBXFileReference; explicitFileType = sourcecode.c.h; fileEncoding = 4; name = OscTypes.h; path = ../../../addons/ofxOsc/libs/oscpack/src/osc/OscTypes.h; sourceTree = SOURCE_ROOT; };
		"ED06DF18-5F9B-4ADB-BCAA-E9CA8E38496C" /* ofxButton.cpp */ = {isa = PBXFileReference; explicitFileType = sourcecode.cpp.cpp; fileEncoding = 4; name = ofxButton.cpp; path = ../../../addons/ofxGui/src/ofxButton.cpp; sourceTree = SOURCE_ROOT; };
		"F1C9CB5B-97F4-497E-85E1-0FF7D7C80184" /* ofxOscArg.h */ = {isa = PBXFileReference; explicitFileType = sourcecode.c.h; fileEncoding = 4; name = ofxOscArg.h; path = ../../../addons/ofxOsc/src/ofxOscArg.h; sourceTree = SOURCE_ROOT; };
		"F4235C0A-AD25-4159-B7AD-40F9F020E570" /* Meatbags.hpp */ = {isa = PBXFileReference; explicitFileType = sourcecode.c.h; fileEncoding = 4; name = Meatbags.hpp; path = src/Meatbags.hpp; sourceTree = SOURCE_ROOT; };
		"F7A59883-8019-4D7A-A38E-2D9D3632B555" /* OscReceivedElements.cpp */ = {isa = PBXFileReference; explicitFileType = sourcecode.cpp.cpp; fileEncoding = 4; name = OscReceivedElements.cpp; path = ../../../addons/ofxOsc/libs/oscpack/src/osc/OscReceivedElements.cpp; sourceTree = SOURCE_ROOT; };
/* End PBXFileReference section */

/* Begin PBXFrameworksBuildPhase section */
		E4B69B590A3A1756003C02F2 /* Frameworks */ = {
			isa = PBXFrameworksBuildPhase;
			buildActionMask = 2147483647;
			files = (
			);
			runOnlyForDeploymentPostprocessing = 0;
		};
/* End PBXFrameworksBuildPhase section */

/* Begin PBXGroup section */
		"03827253-93DA-43AA-BF6F-6734AC6D1E21" /* libs */ = {
			isa = PBXGroup;
			children = (
				"20855145-8060-4A76-869A-EAD88187E31B" /* oscpack */,
			);
			name = libs;
			path = ../../../addons/ofxOsc/libs;
			sourceTree = SOURCE_ROOT;
		};
		"0849F0C7-4C0B-4D8F-BA53-9F37B70E6152" /* ofxNetwork */ = {
			isa = PBXGroup;
			children = (
				"E0DCD7D3-B275-459E-A0D7-B0A1592869E7" /* src */,
			);
			name = ofxNetwork;
			path = ../../../addons/ofxNetwork;
			sourceTree = SOURCE_ROOT;
		};
		"09744EC8-3692-45FA-A289-3F767EFC7EB4" /* ofxOsc */ = {
			isa = PBXGroup;
			children = (
				"03827253-93DA-43AA-BF6F-6734AC6D1E21" /* libs */,
				"3E252B84-7AA0-485D-AD52-5261FFEDF717" /* src */,
			);
			name = ofxOsc;
			path = ../../../addons/ofxOsc;
			sourceTree = SOURCE_ROOT;
		};
		"15EBC688-1C91-4969-B450-90B2B9CF72C9" /* superpose3d */ = {
			isa = PBXGroup;
			children = (
				"1045FCE5-686D-49E8-9B0A-B02DF3916249" /* jacobi_pd.hpp */,
				"3A21C134-9989-4851-9AB7-20C96DCEC791" /* matrix_alloc_jpd.hpp */,
				"03F4BB1A-8E7E-4515-AC6E-15B3DE7BA834" /* peigencalc.hpp */,
				"22A19B4D-8333-42DC-B234-7FF09063DFF5" /* superpose3d.hpp */,
			);
			name = superpose3d;
			path = src/superpose3d;
			sourceTree = SOURCE_ROOT;
		};
		"20855145-8060-4A76-869A-EAD88187E31B" /* oscpack */ = {
			isa = PBXGroup;
			children = (
				"5B8B44B7-149D-4111-9512-C1B1AD045222" /* src */,
			);
			name = oscpack;
			path = ../../../addons/ofxOsc/libs/oscpack;
			sourceTree = SOURCE_ROOT;
		};
		"3E252B84-7AA0-485D-AD52-5261FFEDF717" /* src */ = {
			isa = PBXGroup;
			children = (
				"13ABB4F8-B18C-4EDE-BBA1-15682AF5C5F7" /* ofxOsc.h */,
				"F1C9CB5B-97F4-497E-85E1-0FF7D7C80184" /* ofxOscArg.h */,
				"3182EA4D-C262-43FF-989F-2454A92734A2" /* ofxOscBundle.cpp */,
				"9BE29FBE-7A85-4304-BEE2-C79DD82FB3C0" /* ofxOscBundle.h */,
				"4AF90CA6-BFBE-4DC8-B6C3-C35A831F6965" /* ofxOscMessage.cpp */,
				"23625A24-97F3-4429-9FF3-83E3C803AE1E" /* ofxOscMessage.h */,
				"C8A44727-31ED-41EC-B266-294206865CC9" /* ofxOscParameterSync.cpp */,
				"B15E9198-DC43-45AB-ACD6-AEA2C7FA5698" /* ofxOscParameterSync.h */,
				"7DB5E0B3-B124-4B85-8F8F-CE9150EF6968" /* ofxOscReceiver.cpp */,
				"1145307F-411D-40A9-BB1A-8682C49C83BE" /* ofxOscReceiver.h */,
				"549B129B-70AA-4E07-B39E-90177DD03F92" /* ofxOscSender.cpp */,
				"CDE50121-A71E-4B12-ABB2-5D2072947207" /* ofxOscSender.h */,
			);
			name = src;
			path = ../../../addons/ofxOsc/src;
			sourceTree = SOURCE_ROOT;
		};
		"5B8B44B7-149D-4111-9512-C1B1AD045222" /* src */ = {
			isa = PBXGroup;
			children = (
				"A4175B62-7DEC-4C63-9DCF-B27A08BF03AB" /* ip */,
				"BF542421-6B19-4F23-9F4A-F2984F04D1E9" /* osc */,
			);
			name = src;
			path = ../../../addons/ofxOsc/libs/oscpack/src;
			sourceTree = SOURCE_ROOT;
		};
		"63D184B0-B08F-4F44-BC42-84DBF5DDC7D9" /* tcb */ = {
			isa = PBXGroup;
			children = (
				"0AAA4E54-B535-4FD0-ABE7-AC4931CB8A9B" /* span.hpp */,
			);
			name = tcb;
			path = src/tcb;
			sourceTree = SOURCE_ROOT;
		};
		"75301050-BB42-4044-A6F5-E9383D446D52" /* dbscan */ = {
			isa = PBXGroup;
			children = (
				"23AB5C0F-F542-4C57-A84C-5A957D81CE81" /* dbscan.cpp */,
				"7A955C17-1295-4166-AEB4-399DFF123D43" /* dbscan.hpp */,
				"D2C34778-8918-410A-AFF7-5828CDA196DE" /* nanoflann.hpp */,
			);
			name = dbscan;
			path = src/dbscan;
			sourceTree = SOURCE_ROOT;
		};
		"8FE62D42-64C3-4421-9D7C-ECD9EC9B2329" /* posix */ = {
			isa = PBXGroup;
			children = (
				"E6DACA17-AEA8-4746-8A76-C5EF27D294F9" /* NetworkingUtils.cpp */,
				"ADB25D07-0036-4338-8301-F96E3DB9A39C" /* UdpSocket.cpp */,
			);
			name = posix;
			path = ../../../addons/ofxOsc/libs/oscpack/src/ip/posix;
			sourceTree = SOURCE_ROOT;
		};
		"A4175B62-7DEC-4C63-9DCF-B27A08BF03AB" /* ip */ = {
			isa = PBXGroup;
			children = (
				"3645EE53-9901-41DD-8C90-D222F870CF7F" /* IpEndpointName.cpp */,
				"9CBA84BA-1ACC-4B58-8517-DA2626E510D4" /* IpEndpointName.h */,
				"E2A076AD-31D8-46A8-BA0A-A2B956DDB8A2" /* NetworkingUtils.h */,
				"D65F5DD2-E4E4-4409-9E6A-126A71D62CAE" /* PacketListener.h */,
				"CD510544-B9BB-485F-8FAB-073F57BBE809" /* TimerListener.h */,
				"385ED86F-A049-490E-A8E9-D46BC33CE121" /* UdpSocket.h */,
				"8FE62D42-64C3-4421-9D7C-ECD9EC9B2329" /* posix */,
			);
			name = ip;
			path = ../../../addons/ofxOsc/libs/oscpack/src/ip;
			sourceTree = SOURCE_ROOT;
		};
		BB4B014C10F69532006C3DED /* addons */ = {
			isa = PBXGroup;
			children = (
				"E64B3206-2563-4B24-B523-3779EF7DF8DA" /* ofxGui */,
				"0849F0C7-4C0B-4D8F-BA53-9F37B70E6152" /* ofxNetwork */,
				"09744EC8-3692-45FA-A289-3F767EFC7EB4" /* ofxOsc */,
			);
			name = addons;
			path = ../../../addons;
			sourceTree = "<group>";
		};
		"BF542421-6B19-4F23-9F4A-F2984F04D1E9" /* osc */ = {
			isa = PBXGroup;
			children = (
				"8019D74A-8FC6-497C-8C35-E5D47BF56428" /* MessageMappingOscPacketListener.h */,
				"78C2DA4C-D080-44A5-B477-1BE8E40BF374" /* OscException.h */,
				"C0799695-0370-49A4-9035-B52193BA50B8" /* OscHostEndianness.h */,
				"5F226EB2-FDDE-4B17-A5D9-9FCB0BF98B4F" /* OscOutboundPacketStream.cpp */,
				"808929C9-D553-4853-9753-7FF8F3E44E6B" /* OscOutboundPacketStream.h */,
				"0BB0D3F3-1A54-4B75-BF8A-40EAD8045004" /* OscPacketListener.h */,
				"42FAB1F2-0813-4BA6-AEF2-2A4FF23CA282" /* OscPrintReceivedElements.cpp */,
				"BA512773-EB19-4CFB-AD40-DC6293B8899E" /* OscPrintReceivedElements.h */,
				"F7A59883-8019-4D7A-A38E-2D9D3632B555" /* OscReceivedElements.cpp */,
				"BDBBC854-FA11-4D0E-BA02-6BB71C682454" /* OscReceivedElements.h */,
				"66B80085-35C6-4969-8CD0-F487F97884BB" /* OscTypes.cpp */,
				"EC0AC770-8C6C-48A7-B4F1-6885D67E7621" /* OscTypes.h */,
			);
			name = osc;
			path = ../../../addons/ofxOsc/libs/oscpack/src/osc;
			sourceTree = SOURCE_ROOT;
		};
		"E0DCD7D3-B275-459E-A0D7-B0A1592869E7" /* src */ = {
			isa = PBXGroup;
			children = (
				"515BDDBE-DCEB-48BD-82DB-F1E1A35A678F" /* ofxNetwork.h */,
				"B2EDA113-7A76-48D8-9491-7446ABF27BE5" /* ofxNetworkUtils.cpp */,
				"A501FDC4-AF83-437A-B5ED-FC48C994C723" /* ofxNetworkUtils.h */,
				"02F90CE1-81CF-47BC-B3C0-5B9F890DBDD5" /* ofxTCPClient.cpp */,
				"B2AE9AA7-E312-4CE6-A50E-B1919D25AB8F" /* ofxTCPClient.h */,
				"267C9C4A-563D-4B02-B451-E38CF872F63D" /* ofxTCPManager.cpp */,
				"52F0CD0B-943C-4B00-9EFA-5671E5876020" /* ofxTCPManager.h */,
				"4E0D512D-3126-4DE3-B26D-65BC6747374B" /* ofxTCPServer.cpp */,
				"0FE6A465-10CD-4C19-A219-58964B99F6B3" /* ofxTCPServer.h */,
				"45760E32-A754-4743-958B-9BA63FDEB66E" /* ofxTCPSettings.h */,
				"D8F67F25-8DCB-46B8-AB10-E7F8CF9612B0" /* ofxUDPManager.cpp */,
				"BC2FCB9A-98B6-446E-BADE-43B8DC11D9D6" /* ofxUDPManager.h */,
				"4A6899F4-9F9E-4B22-A6F9-DBA08C06DF9A" /* ofxUDPSettings.h */,
			);
			name = src;
			path = ../../../addons/ofxNetwork/src;
			sourceTree = SOURCE_ROOT;
		};
		E4B69B4A0A3A1720003C02F2 = {
			isa = PBXGroup;
			children = (
				191CD6FA2847E21E0085CBB6 /* of.entitlements */,
				E4B6FCAD0C3E899E008CF71C /* openFrameworks-Info.plist */,
				E4EB6923138AFD0F00A09F29 /* Project.xcconfig */,
				E4B69E1C0A3A1BDC003C02F2 /* src */,
				191EF70929D778A400F35F26 /* openFrameworks */,
				BB4B014C10F69532006C3DED /* addons */,
				E4B69B5B0A3A1756003C02F2 /* meatbagsDebug.app */,
			);
			sourceTree = "<group>";
		};
		E4B69E1C0A3A1BDC003C02F2 /* src */ = {
			isa = PBXGroup;
			children = (
				E4B69E1D0A3A1BDC003C02F2 /* main.cpp */,
				E4B69E1E0A3A1BDC003C02F2 /* ofApp.cpp */,
				E4B69E1F0A3A1BDC003C02F2 /* ofApp.h */,
				"ACE1C5E0-1D64-40DC-BA29-F187AE7FF185" /* Blob.cpp */,
				"3F8EA6D8-473F-4F3B-A254-29D37AA02699" /* Blob.hpp */,
				066B313B2DBEF0D40090B8D0 /* Filter.hpp */,
				066B313C2DBEF0D40090B8D0 /* Filter.cpp */,
				066B313E2DBEF1FA0090B8D0 /* Filters.hpp */,
				066B313F2DBEF1FA0090B8D0 /* Filters.cpp */,
				"1B0C95B6-F2CF-4321-BC20-C4737787E5E3" /* DraggablePoint.cpp */,
				"6BF4DAC7-74B9-46FC-84AE-09EBD4C04E1F" /* DraggablePoint.hpp */,
				"590E551C-D88E-414A-9692-8F044BCF9EE5" /* Hokuyo.cpp */,
				"E39D80CB-FBA0-4DB7-82E5-8DDC4177E7F4" /* Hokuyo.hpp */,
				"B5844579-CFB4-42B6-AC2E-7AE4B6F2F5B5" /* Meatbags.cpp */,
				"F4235C0A-AD25-4159-B7AD-40F9F020E570" /* Meatbags.hpp */,
				"E797E9AB-81FE-4C05-B294-1ADCA1DCB538" /* Sensors.cpp */,
				"84E23001-39B4-4042-A99A-AB318C3C3443" /* Sensors.hpp */,
				"7379CE20-6CBB-42EC-B2C4-76443F5D9AAE" /* Space.h */,
				"8C9582EB-4EB2-4687-8CEF-92C8A9546CBD" /* Viewer.cpp */,
				"C9A2C15E-FAA0-4AEA-9949-DF487B47C532" /* Viewer.hpp */,
				"75301050-BB42-4044-A6F5-E9383D446D52" /* dbscan */,
				"15EBC688-1C91-4969-B450-90B2B9CF72C9" /* superpose3d */,
				"63D184B0-B08F-4F44-BC42-84DBF5DDC7D9" /* tcb */,
			);
			path = src;
			sourceTree = SOURCE_ROOT;
		};
		"E64B3206-2563-4B24-B523-3779EF7DF8DA" /* ofxGui */ = {
			isa = PBXGroup;
			children = (
				"F3D4DD50-A537-4597-8FC4-7F04370C13CE" /* src */,
			);
			name = ofxGui;
			path = ../../../addons/ofxGui;
			sourceTree = SOURCE_ROOT;
		};
		"F3D4DD50-A537-4597-8FC4-7F04370C13CE" /* src */ = {
			isa = PBXGroup;
			children = (
				"92DE4855-67C6-4B4E-A649-02098241EB8B" /* ofxBaseGui.cpp */,
				"2BAA677A-88C2-42A9-8658-321AB8BD85FA" /* ofxBaseGui.h */,
				"ED06DF18-5F9B-4ADB-BCAA-E9CA8E38496C" /* ofxButton.cpp */,
				"56FBBC8F-7DB7-4F66-B4CE-4A854A7A9853" /* ofxButton.h */,
				"B5308E82-3AE9-4CDB-BEB1-D9F65CEE9EF3" /* ofxColorPicker.cpp */,
				"26CBF6B4-A304-49D4-B17E-42C38FCBDE4C" /* ofxColorPicker.h */,
				"D2186950-F460-4FFC-B018-B2706AB5F6D6" /* ofxGui.h */,
				"596B56AB-66CF-4839-8985-9FCB66B9D3AC" /* ofxGuiGroup.cpp */,
				"54A17A44-B7CD-45F9-B8FB-E06AB08A8E68" /* ofxGuiGroup.h */,
				"9648EEDF-E5D2-4081-9ADE-0CE7719E30C9" /* ofxGuiUtils.h */,
				"352257A3-DEF3-44D2-97B3-21D0DA1CF579" /* ofxInputField.cpp */,
				"5A7F463F-7997-4471-A482-4BE856CE4C32" /* ofxInputField.h */,
				"62764616-C8DF-4AFE-8801-2DA18D03162B" /* ofxLabel.cpp */,
				"5DC33147-454B-4C08-A207-B09C271D4048" /* ofxLabel.h */,
				"88F63BED-1297-4D1E-B438-D606C7DCA52F" /* ofxPanel.cpp */,
				"4704DCB3-2218-402A-A4C2-AEB564FD9271" /* ofxPanel.h */,
				"64E381CA-470A-472F-AB8C-C29CAB64FC33" /* ofxSlider.cpp */,
				"B9219670-7984-4935-AE86-ED813E54687A" /* ofxSlider.h */,
				"BC158BF4-196D-448B-9F77-9AB94D63905F" /* ofxSliderGroup.cpp */,
				"5C7D8CDE-7CEC-4200-B2CD-1AAAB3EAEC9D" /* ofxSliderGroup.h */,
				"A51EBA60-FB44-4712-9F84-8D4AA918184D" /* ofxToggle.cpp */,
				"A01CFEBA-4427-42F5-92D4-D817DAB5BE70" /* ofxToggle.h */,
			);
			name = src;
			path = ../../../addons/ofxGui/src;
			sourceTree = SOURCE_ROOT;
		};
/* End PBXGroup section */

/* Begin PBXNativeTarget section */
		E4B69B5A0A3A1756003C02F2 /* meatbags */ = {
			isa = PBXNativeTarget;
			buildConfigurationList = E4B69B5F0A3A1757003C02F2 /* Build configuration list for PBXNativeTarget "meatbags" */;
			buildPhases = (
				E42962A92163ECCD00A6A9E2 /* Run Script — Compile OF */,
				E4B69B580A3A1756003C02F2 /* Sources */,
				E4B69B590A3A1756003C02F2 /* Frameworks */,
				E4C2427710CC5ABF004149E2 /* CopyFiles */,
				E4A5B60F29BAAAE400C2D356 /* CopyFiles */,
				19B789C429E5AB4A0082E9B8 /* ShellScript */,
			);
			buildRules = (
			);
			dependencies = (
			);
			name = meatbags;
			productName = myOFApp;
			productReference = E4B69B5B0A3A1756003C02F2 /* meatbagsDebug.app */;
			productType = "com.apple.product-type.application";
		};
/* End PBXNativeTarget section */

/* Begin PBXProject section */
		E4B69B4C0A3A1720003C02F2 /* Project object */ = {
			isa = PBXProject;
			attributes = {
				LastUpgradeCheck = 0600;
			};
			buildConfigurationList = E4B69B4D0A3A1720003C02F2 /* Build configuration list for PBXProject "meatbags" */;
			compatibilityVersion = "Xcode 3.2";
			developmentRegion = en;
			hasScannedForEncodings = 0;
			knownRegions = (
				en,
				Base,
			);
			mainGroup = E4B69B4A0A3A1720003C02F2;
			productRefGroup = E4B69B4A0A3A1720003C02F2;
			projectDirPath = "";
			projectRoot = "";
			targets = (
				E4B69B5A0A3A1756003C02F2 /* meatbags */,
			);
		};
/* End PBXProject section */

/* Begin PBXShellScriptBuildPhase section */
		19B789C429E5AB4A0082E9B8 /* ShellScript */ = {
			isa = PBXShellScriptBuildPhase;
			buildActionMask = 2147483647;
			files = (
			);
			inputFileListPaths = (
			);
			inputPaths = (
			);
			outputFileListPaths = (
			);
			outputPaths = (
			);
			runOnlyForDeploymentPostprocessing = 0;
			shellPath = /bin/sh;
			shellScript = "\"$OF_PATH/scripts/osx/xcode_project.sh\"\n";
			showEnvVarsInLog = 0;
		};
		E42962A92163ECCD00A6A9E2 /* Run Script — Compile OF */ = {
			isa = PBXShellScriptBuildPhase;
			alwaysOutOfDate = 1;
			buildActionMask = 2147483647;
			files = (
			);
			inputPaths = (
			);
			name = "Run Script — Compile OF";
			outputPaths = (
			);
			runOnlyForDeploymentPostprocessing = 0;
			shellPath = /bin/sh;
			shellScript = "echo \"💾 Compiling Openframeworks\"\nxcodebuild -project \"$OF_PATH/libs/openFrameworksCompiled/project/osx/openFrameworksLib.xcodeproj\" -target openFrameworks -configuration \"${CONFIGURATION}\"  CLANG_CXX_LANGUAGE_STANDARD=$CLANG_CXX_LANGUAGE_STANDARD MACOSX_DEPLOYMENT_TARGET=$MACOSX_DEPLOYMENT_TARGET GCC_PREPROCESSOR_DEFINITIONS=$USER_PREPROCESSOR_DEFINITIONS\n";
			showEnvVarsInLog = 0;
		};
/* End PBXShellScriptBuildPhase section */

/* Begin PBXSourcesBuildPhase section */
		E4B69B580A3A1756003C02F2 /* Sources */ = {
			isa = PBXSourcesBuildPhase;
			buildActionMask = 2147483647;
			files = (
				E4B69E200A3A1BDC003C02F2 /* main.cpp in Sources */,
				E4B69E210A3A1BDC003C02F2 /* ofApp.cpp in Sources */,
				"819F8B5D-7E85-438B-9D3F-DD6141819698" /* Blob.cpp in Sources */,
				066B31402DBEF1FA0090B8D0 /* Filters.cpp in Sources */,
				066B313D2DBEF0D40090B8D0 /* Filter.cpp in Sources */,
				"28BCCB0A-9C7E-423A-A38C-11B59C6961FD" /* DraggablePoint.cpp in Sources */,
				"30541019-E6AC-454E-935A-3393E8244D9A" /* Hokuyo.cpp in Sources */,
				"166A4DE7-A72A-4283-A40B-A10C4B8A6510" /* Meatbags.cpp in Sources */,
				"F2A18517-DFC4-4969-8FA8-464905F993A4" /* Sensors.cpp in Sources */,
				"15C8F4D1-49AF-4070-8E06-76498F36ED63" /* Viewer.cpp in Sources */,
				"0EEC4738-B495-48FF-9F2B-B5E910DC8876" /* dbscan.cpp in Sources */,
				"253183BC-F783-4F72-973D-A7081ED2A67A" /* ofxBaseGui.cpp in Sources */,
				"6E776361-F0F9-42A0-804F-538279244B08" /* ofxButton.cpp in Sources */,
				"BEB45DDF-4D40-4144-ABD2-27B8405C18A9" /* ofxColorPicker.cpp in Sources */,
				"6DE7AC3F-BA68-453F-90B9-FDA4B352E35F" /* ofxGuiGroup.cpp in Sources */,
				"D11F6241-43E8-41FD-A663-05876661F6AA" /* ofxInputField.cpp in Sources */,
				"79E05201-13CF-4B6C-B3ED-E30EAAB27D8A" /* ofxLabel.cpp in Sources */,
				"4B693F9E-B2E2-4251-9725-207A4F4CFD40" /* ofxPanel.cpp in Sources */,
				"F3ED8FF2-93F1-4A3F-90FA-BC10AEE06E89" /* ofxSlider.cpp in Sources */,
				"37736D94-1368-46B8-B886-4E4DD7CE342B" /* ofxSliderGroup.cpp in Sources */,
				"3F281579-A824-4CE7-8E95-84D384B01E22" /* ofxToggle.cpp in Sources */,
				"1F368785-E08D-46DF-A4F6-6F5948397D59" /* ofxNetworkUtils.cpp in Sources */,
				"0E194678-B973-448E-B900-F61E27993F36" /* ofxTCPClient.cpp in Sources */,
				"55EA10D6-CC2B-466A-A9E0-FBD36C3E4DF3" /* ofxTCPManager.cpp in Sources */,
				"55DCF0D1-669F-4179-ACD6-489085167255" /* ofxTCPServer.cpp in Sources */,
				"142212FF-428C-486C-8C64-78AC6CB61F7C" /* ofxUDPManager.cpp in Sources */,
				"0358F10B-A992-4E93-AEB8-BE562C1E1A36" /* IpEndpointName.cpp in Sources */,
				"8C9A7B04-47F9-4BE1-853B-D9158E8A4D1F" /* NetworkingUtils.cpp in Sources */,
				"9B969BE0-320B-4ABD-8B69-DDE0CA83A5B6" /* UdpSocket.cpp in Sources */,
				"83B3C45C-B2CE-4B07-BE96-9AA588DDE521" /* OscOutboundPacketStream.cpp in Sources */,
				"F4C345B4-5E95-4736-B6D1-0222B88A446B" /* OscPrintReceivedElements.cpp in Sources */,
				"B3E5CDAE-5CAF-4DAD-941A-FEC7AB79A5A6" /* OscReceivedElements.cpp in Sources */,
				"D714080C-38B7-49CC-AE71-907952ECC318" /* OscTypes.cpp in Sources */,
				"67DC949F-2ADD-4855-82B4-FA239BCAFD7A" /* ofxOscBundle.cpp in Sources */,
				"2303721A-FED6-4383-AE73-9DFB4F793A17" /* ofxOscMessage.cpp in Sources */,
				"8898E5CE-DB89-4C0A-A396-0983E1B70651" /* ofxOscParameterSync.cpp in Sources */,
				"D144759C-D55F-47FB-ACB3-D6EEBE7D9BDF" /* ofxOscReceiver.cpp in Sources */,
				"7F1BC38C-8CDC-4C66-A95D-7BA31A835D27" /* ofxOscSender.cpp in Sources */,
			);
			runOnlyForDeploymentPostprocessing = 0;
		};
/* End PBXSourcesBuildPhase section */

/* Begin XCBuildConfiguration section */
		E4B69B4E0A3A1720003C02F2 /* Debug */ = {
			isa = XCBuildConfiguration;
			baseConfigurationReference = E4EB6923138AFD0F00A09F29 /* Project.xcconfig */;
			buildSettings = {
				CODE_SIGN_ENTITLEMENTS = of.entitlements;
				COPY_PHASE_STRIP = NO;
				ENABLE_TESTABILITY = YES;
				GCC_OPTIMIZATION_LEVEL = 0;
				GCC_WARN_UNUSED_VARIABLE = NO;
				HEADER_SEARCH_PATHS = (
					"$(OF_CORE_HEADERS)",
					src,
				);
				OTHER_CPLUSPLUSFLAGS = "-D__MACOSX_CORE__";
			};
			name = Debug;
		};
		E4B69B4F0A3A1720003C02F2 /* Release */ = {
			isa = XCBuildConfiguration;
			baseConfigurationReference = E4EB6923138AFD0F00A09F29 /* Project.xcconfig */;
			buildSettings = {
				CODE_SIGN_ENTITLEMENTS = of.entitlements;
				COPY_PHASE_STRIP = YES;
				GCC_OPTIMIZATION_LEVEL = 3;
				GCC_UNROLL_LOOPS = YES;
				HEADER_SEARCH_PATHS = (
					"$(OF_CORE_HEADERS)",
					src,
				);
				OTHER_CPLUSPLUSFLAGS = "-D__MACOSX_CORE__";
			};
			name = Release;
		};
		E4B69B600A3A1757003C02F2 /* Debug */ = {
			isa = XCBuildConfiguration;
			baseConfigurationReference = E4EB6923138AFD0F00A09F29 /* Project.xcconfig */;
			buildSettings = {
				ARCHS = "$(ARCHS_STANDARD)";
				COPY_PHASE_STRIP = NO;
				FRAMEWORK_SEARCH_PATHS = "$(inherited)";
				GCC_DYNAMIC_NO_PIC = NO;
				HEADER_SEARCH_PATHS = (
					"$(OF_CORE_HEADERS)",
					src,
					src,
					src/Eigen,
					src/Eigen/src/AccelerateSupport,
					src/Eigen/src/Cholesky,
					src/Eigen/src/CholmodSupport,
					src/Eigen/src/Core,
					src/Eigen/src/Core/arch/AVX,
					src/Eigen/src/Core/arch/AVX512,
					src/Eigen/src/Core/arch/AltiVec,
					src/Eigen/src/Core/arch/Default,
					src/Eigen/src/Core/arch/GPU,
					src/Eigen/src/Core/arch/HIP/hcc,
					src/Eigen/src/Core/arch/HVX,
					src/Eigen/src/Core/arch/LSX,
					src/Eigen/src/Core/arch/MSA,
					src/Eigen/src/Core/arch/NEON,
					src/Eigen/src/Core/arch/SSE,
					src/Eigen/src/Core/arch/SVE,
					src/Eigen/src/Core/arch/SYCL,
					src/Eigen/src/Core/arch/ZVector,
					src/Eigen/src/Core/functors,
					src/Eigen/src/Core/products,
					src/Eigen/src/Core/util,
					src/Eigen/src/Eigenvalues,
					src/Eigen/src/Geometry,
					src/Eigen/src/Geometry/arch,
					src/Eigen/src/Householder,
					src/Eigen/src/IterativeLinearSolvers,
					src/Eigen/src/Jacobi,
					src/Eigen/src/KLUSupport,
					src/Eigen/src/LU,
					src/Eigen/src/LU/arch,
					src/Eigen/src/MetisSupport,
					src/Eigen/src/OrderingMethods,
					src/Eigen/src/PaStiXSupport,
					src/Eigen/src/PardisoSupport,
					src/Eigen/src/QR,
					src/Eigen/src/SPQRSupport,
					src/Eigen/src/SVD,
					src/Eigen/src/SparseCholesky,
					src/Eigen/src/SparseCore,
					src/Eigen/src/SparseLU,
					src/Eigen/src/SparseQR,
					src/Eigen/src/StlSupport,
					src/Eigen/src/SuperLUSupport,
					src/Eigen/src/ThreadPool,
					src/Eigen/src/UmfPackSupport,
					src/Eigen/src/misc,
					src/Eigen/src/plugins,
					src/cpd,
					src/dbscan,
					src/fgt,
					src/superpose3d,
					src/tcb,
					../../../addons/ofxGui/src,
					../../../addons/ofxNetwork/src,
					../../../addons/ofxOsc/libs,
					../../../addons/ofxOsc/libs/oscpack,
					../../../addons/ofxOsc/libs/oscpack/src,
					../../../addons/ofxOsc/libs/oscpack/src/ip,
					../../../addons/ofxOsc/libs/oscpack/src/ip/posix,
					../../../addons/ofxOsc/libs/oscpack/src/osc,
					../../../addons/ofxOsc/src,
				);
				LIBRARY_SEARCH_PATHS = "$(inherited)";
				OTHER_LDFLAGS = (
					"$(OF_CORE_LIBS)",
					"$(OF_CORE_FRAMEWORKS)",
					"$(LIB_OF_DEBUG)",
				);
			};
			name = Debug;
		};
		E4B69B610A3A1757003C02F2 /* Release */ = {
			isa = XCBuildConfiguration;
			baseConfigurationReference = E4EB6923138AFD0F00A09F29 /* Project.xcconfig */;
			buildSettings = {
				ARCHS = "$(ARCHS_STANDARD)";
				COPY_PHASE_STRIP = YES;
				FRAMEWORK_SEARCH_PATHS = "$(inherited)";
				HEADER_SEARCH_PATHS = (
					"$(OF_CORE_HEADERS)",
					src,
					src,
					src/Eigen,
					src/Eigen/src/AccelerateSupport,
					src/Eigen/src/Cholesky,
					src/Eigen/src/CholmodSupport,
					src/Eigen/src/Core,
					src/Eigen/src/Core/arch/AVX,
					src/Eigen/src/Core/arch/AVX512,
					src/Eigen/src/Core/arch/AltiVec,
					src/Eigen/src/Core/arch/Default,
					src/Eigen/src/Core/arch/GPU,
					src/Eigen/src/Core/arch/HIP/hcc,
					src/Eigen/src/Core/arch/HVX,
					src/Eigen/src/Core/arch/LSX,
					src/Eigen/src/Core/arch/MSA,
					src/Eigen/src/Core/arch/NEON,
					src/Eigen/src/Core/arch/SSE,
					src/Eigen/src/Core/arch/SVE,
					src/Eigen/src/Core/arch/SYCL,
					src/Eigen/src/Core/arch/ZVector,
					src/Eigen/src/Core/functors,
					src/Eigen/src/Core/products,
					src/Eigen/src/Core/util,
					src/Eigen/src/Eigenvalues,
					src/Eigen/src/Geometry,
					src/Eigen/src/Geometry/arch,
					src/Eigen/src/Householder,
					src/Eigen/src/IterativeLinearSolvers,
					src/Eigen/src/Jacobi,
					src/Eigen/src/KLUSupport,
					src/Eigen/src/LU,
					src/Eigen/src/LU/arch,
					src/Eigen/src/MetisSupport,
					src/Eigen/src/OrderingMethods,
					src/Eigen/src/PaStiXSupport,
					src/Eigen/src/PardisoSupport,
					src/Eigen/src/QR,
					src/Eigen/src/SPQRSupport,
					src/Eigen/src/SVD,
					src/Eigen/src/SparseCholesky,
					src/Eigen/src/SparseCore,
					src/Eigen/src/SparseLU,
					src/Eigen/src/SparseQR,
					src/Eigen/src/StlSupport,
					src/Eigen/src/SuperLUSupport,
					src/Eigen/src/ThreadPool,
					src/Eigen/src/UmfPackSupport,
					src/Eigen/src/misc,
					src/Eigen/src/plugins,
					src/cpd,
					src/dbscan,
					src/fgt,
					src/superpose3d,
					src/tcb,
					../../../addons/ofxGui/src,
					../../../addons/ofxNetwork/src,
					../../../addons/ofxOsc/libs,
					../../../addons/ofxOsc/libs/oscpack,
					../../../addons/ofxOsc/libs/oscpack/src,
					../../../addons/ofxOsc/libs/oscpack/src/ip,
					../../../addons/ofxOsc/libs/oscpack/src/ip/posix,
					../../../addons/ofxOsc/libs/oscpack/src/osc,
					../../../addons/ofxOsc/src,
				);
				LIBRARY_SEARCH_PATHS = "$(inherited)";
				OTHER_LDFLAGS = (
					"$(OF_CORE_LIBS)",
					"$(OF_CORE_FRAMEWORKS)",
					"$(LIB_OF)",
				);
				baseConfigurationReference = E4EB6923138AFD0F00A09F29;
			};
			name = Release;
		};
/* End XCBuildConfiguration section */

/* Begin XCConfigurationList section */
		E4B69B4D0A3A1720003C02F2 /* Build configuration list for PBXProject "meatbags" */ = {
			isa = XCConfigurationList;
			buildConfigurations = (
				E4B69B4E0A3A1720003C02F2 /* Debug */,
				E4B69B4F0A3A1720003C02F2 /* Release */,
			);
			defaultConfigurationIsVisible = 0;
			defaultConfigurationName = Release;
		};
		E4B69B5F0A3A1757003C02F2 /* Build configuration list for PBXNativeTarget "meatbags" */ = {
			isa = XCConfigurationList;
			buildConfigurations = (
				E4B69B600A3A1757003C02F2 /* Debug */,
				E4B69B610A3A1757003C02F2 /* Release */,
			);
			defaultConfigurationIsVisible = 0;
			defaultConfigurationName = Release;
		};
/* End XCConfigurationList section */
	};
	rootObject = E4B69B4C0A3A1720003C02F2 /* Project object */;
}
